// !$*UTF8*$!
{
	archiveVersion = 1;
	classes = {
	};
	objectVersion = 46;
	objects = {

/* Begin PBXBuildFile section */
		A7930CD19A4D5A9CF3F5A04A /* libPods-ZPJawaMall.a in Frameworks */ = {isa = PBXBuildFile; fileRef = 4AFC0EA83CAF05A28F9E1021 /* libPods-ZPJawaMall.a */; };
		F5006CC31DAA1634004AD3E1 /* PurchaseCarAnimationTool.m in Sources */ = {isa = PBXBuildFile; fileRef = F5006CC21DAA1634004AD3E1 /* PurchaseCarAnimationTool.m */; };
		F5006CC61DAA1CC5004AD3E1 /* ZPShoppingCart.m in Sources */ = {isa = PBXBuildFile; fileRef = F5006CC51DAA1CC5004AD3E1 /* ZPShoppingCart.m */; };
		F500EC9E1D795247007E4E2C /* ZPRegisterViewModel.m in Sources */ = {isa = PBXBuildFile; fileRef = F500EC9D1D795247007E4E2C /* ZPRegisterViewModel.m */; };
		F500ECA11D7974E4007E4E2C /* ZPSendIdentifyCodeViewModel.m in Sources */ = {isa = PBXBuildFile; fileRef = F500ECA01D7974E4007E4E2C /* ZPSendIdentifyCodeViewModel.m */; };
		F50189D51DB6F9E10096A048 /* ZPGeneratePartsOrder.m in Sources */ = {isa = PBXBuildFile; fileRef = F50189D41DB6F9E10096A048 /* ZPGeneratePartsOrder.m */; };
		F5026CB31D76CA83001B3E44 /* ZPHomePageGoodsHeadView.m in Sources */ = {isa = PBXBuildFile; fileRef = F5026CB21D76CA83001B3E44 /* ZPHomePageGoodsHeadView.m */; };
		F5026CB51D76CC7A001B3E44 /* ZPHomePageGoodsHeadView.xib in Resources */ = {isa = PBXBuildFile; fileRef = F5026CB41D76CC7A001B3E44 /* ZPHomePageGoodsHeadView.xib */; };
		F503A8791D9BA82D00EF9046 /* ZPStoresInfoView.m in Sources */ = {isa = PBXBuildFile; fileRef = F503A8781D9BA82D00EF9046 /* ZPStoresInfoView.m */; };
		F503A87B1D9BA85400EF9046 /* ZPStoresInfoView.xib in Resources */ = {isa = PBXBuildFile; fileRef = F503A87A1D9BA85400EF9046 /* ZPStoresInfoView.xib */; };
		F503A87E1D9BAE7F00EF9046 /* ZPStoreInfoViewModel.m in Sources */ = {isa = PBXBuildFile; fileRef = F503A87D1D9BAE7F00EF9046 /* ZPStoreInfoViewModel.m */; };
		F503A8841D9BB8BB00EF9046 /* ZPStores.m in Sources */ = {isa = PBXBuildFile; fileRef = F503A8831D9BB8BB00EF9046 /* ZPStores.m */; };
		F503A8871D9BBF3200EF9046 /* ZPEmployees.m in Sources */ = {isa = PBXBuildFile; fileRef = F503A8861D9BBF3200EF9046 /* ZPEmployees.m */; };
		F5043BA21D98F037000D598F /* ZPAddress.m in Sources */ = {isa = PBXBuildFile; fileRef = F5043BA11D98F037000D598F /* ZPAddress.m */; };
		F5043BA51D98F79E000D598F /* ZPAddressDetailInfoTableViewCell.m in Sources */ = {isa = PBXBuildFile; fileRef = F5043BA41D98F79E000D598F /* ZPAddressDetailInfoTableViewCell.m */; };
		F50551A31D7525E700271E72 /* BannerTableViewCell.xib in Resources */ = {isa = PBXBuildFile; fileRef = F50551A21D7525E700271E72 /* BannerTableViewCell.xib */; };
		F50551AC1D75332200271E72 /* HomeGoodsCollectionViewCell.m in Sources */ = {isa = PBXBuildFile; fileRef = F50551AA1D75332200271E72 /* HomeGoodsCollectionViewCell.m */; };
		F50551B11D75346100271E72 /* HomeGoodsTableViewCell.m in Sources */ = {isa = PBXBuildFile; fileRef = F50551AF1D75346100271E72 /* HomeGoodsTableViewCell.m */; };
		F50551B21D75346100271E72 /* HomeGoodsTableViewCell.xib in Resources */ = {isa = PBXBuildFile; fileRef = F50551B01D75346100271E72 /* HomeGoodsTableViewCell.xib */; };
		F505B5DF1D74016C007AFA5B /* ViewModelClass.m in Sources */ = {isa = PBXBuildFile; fileRef = F505B5DE1D74016C007AFA5B /* ViewModelClass.m */; };
		F505B5E51D740856007AFA5B /* BassViewController.m in Sources */ = {isa = PBXBuildFile; fileRef = F505B5E41D740856007AFA5B /* BassViewController.m */; };
		F505B5EC1D740FDC007AFA5B /* TopBarView.m in Sources */ = {isa = PBXBuildFile; fileRef = F505B5EB1D740FDC007AFA5B /* TopBarView.m */; };
		F505B5EE1D740FF0007AFA5B /* TopBarView.xib in Resources */ = {isa = PBXBuildFile; fileRef = F505B5ED1D740FF0007AFA5B /* TopBarView.xib */; };
		F505B5FA1D741C52007AFA5B /* ZPClassificationViewController.m in Sources */ = {isa = PBXBuildFile; fileRef = F505B5F41D741C52007AFA5B /* ZPClassificationViewController.m */; };
		F505B5FB1D741C52007AFA5B /* ZPJawaHomepageViewController.m in Sources */ = {isa = PBXBuildFile; fileRef = F505B5F71D741C52007AFA5B /* ZPJawaHomepageViewController.m */; };
		F505B5FE1D741C77007AFA5B /* ZPPersonalCenterViewController.m in Sources */ = {isa = PBXBuildFile; fileRef = F505B5FD1D741C77007AFA5B /* ZPPersonalCenterViewController.m */; };
		F505B6011D741C84007AFA5B /* ZPShopingCenterViewController.m in Sources */ = {isa = PBXBuildFile; fileRef = F505B6001D741C84007AFA5B /* ZPShopingCenterViewController.m */; };
		F505B6041D7422FA007AFA5B /* ZPHomePageViewModel.m in Sources */ = {isa = PBXBuildFile; fileRef = F505B6031D7422FA007AFA5B /* ZPHomePageViewModel.m */; };
		F50697CE1D9379B30059DE8A /* ZPPersonViewModel.m in Sources */ = {isa = PBXBuildFile; fileRef = F50697CD1D9379B30059DE8A /* ZPPersonViewModel.m */; };
		F50697D11D937AD70059DE8A /* Order.m in Sources */ = {isa = PBXBuildFile; fileRef = F50697D01D937AD70059DE8A /* Order.m */; };
		F50697D41D937E450059DE8A /* ZPUserOrderViewController.m in Sources */ = {isa = PBXBuildFile; fileRef = F50697D31D937E450059DE8A /* ZPUserOrderViewController.m */; };
		F50697D71D9387F00059DE8A /* ZPZPActivityViewController.m in Sources */ = {isa = PBXBuildFile; fileRef = F50697D61D9387F00059DE8A /* ZPZPActivityViewController.m */; };
		F50697DB1D9389660059DE8A /* ZPActivityTableViewCell.m in Sources */ = {isa = PBXBuildFile; fileRef = F50697D91D9389660059DE8A /* ZPActivityTableViewCell.m */; };
		F50697DC1D9389660059DE8A /* ZPActivityTableViewCell.xib in Resources */ = {isa = PBXBuildFile; fileRef = F50697DA1D9389660059DE8A /* ZPActivityTableViewCell.xib */; };
		F50697DF1D938C6B0059DE8A /* ZPActivity.m in Sources */ = {isa = PBXBuildFile; fileRef = F50697DE1D938C6B0059DE8A /* ZPActivity.m */; };
		F5069A8E1D86889B00C25787 /* ZPPriceDetailTableViewCell.m in Sources */ = {isa = PBXBuildFile; fileRef = F5069A8C1D86889B00C25787 /* ZPPriceDetailTableViewCell.m */; };
		F5069A8F1D86889B00C25787 /* ZPPriceDetailTableViewCell.xib in Resources */ = {isa = PBXBuildFile; fileRef = F5069A8D1D86889B00C25787 /* ZPPriceDetailTableViewCell.xib */; };
		F5069A931D8691A600C25787 /* ZPSpecificationsTableViewCell.m in Sources */ = {isa = PBXBuildFile; fileRef = F5069A911D8691A600C25787 /* ZPSpecificationsTableViewCell.m */; };
		F5069A941D8691A600C25787 /* ZPSpecificationsTableViewCell.xib in Resources */ = {isa = PBXBuildFile; fileRef = F5069A921D8691A600C25787 /* ZPSpecificationsTableViewCell.xib */; };
		F5069A9B1D8697F400C25787 /* ZPColorChooseTableViewCell.m in Sources */ = {isa = PBXBuildFile; fileRef = F5069A991D8697F400C25787 /* ZPColorChooseTableViewCell.m */; };
		F5069A9C1D8697F400C25787 /* ZPColorChooseTableViewCell.xib in Resources */ = {isa = PBXBuildFile; fileRef = F5069A9A1D8697F400C25787 /* ZPColorChooseTableViewCell.xib */; };
		F5069AA01D869C5000C25787 /* ZPColorChooseCollectionViewCell.m in Sources */ = {isa = PBXBuildFile; fileRef = F5069A9E1D869C5000C25787 /* ZPColorChooseCollectionViewCell.m */; };
		F5069AA11D869C5000C25787 /* ZPColorChooseCollectionViewCell.xib in Resources */ = {isa = PBXBuildFile; fileRef = F5069A9F1D869C5000C25787 /* ZPColorChooseCollectionViewCell.xib */; };
		F5085E0F1D75681900E4766F /* HomePageGoods.m in Sources */ = {isa = PBXBuildFile; fileRef = F5085E0E1D75681900E4766F /* HomePageGoods.m */; };
		F50A82E31D73D09300026F7F /* main.m in Sources */ = {isa = PBXBuildFile; fileRef = F50A82E21D73D09300026F7F /* main.m */; };
		F50A82E61D73D09300026F7F /* AppDelegate.m in Sources */ = {isa = PBXBuildFile; fileRef = F50A82E51D73D09300026F7F /* AppDelegate.m */; };
		F50A82EC1D73D09300026F7F /* Main.storyboard in Resources */ = {isa = PBXBuildFile; fileRef = F50A82EA1D73D09300026F7F /* Main.storyboard */; };
		F50A82F11D73D09300026F7F /* Assets.xcassets in Resources */ = {isa = PBXBuildFile; fileRef = F50A82F01D73D09300026F7F /* Assets.xcassets */; };
		F50A82FF1D73D09300026F7F /* ZPJawaMallTests.m in Sources */ = {isa = PBXBuildFile; fileRef = F50A82FE1D73D09300026F7F /* ZPJawaMallTests.m */; };
		F50A830A1D73D09300026F7F /* ZPJawaMallUITests.m in Sources */ = {isa = PBXBuildFile; fileRef = F50A83091D73D09300026F7F /* ZPJawaMallUITests.m */; };
		F50C14B01DB7743600FA8C9F /* ZPPicInfo.m in Sources */ = {isa = PBXBuildFile; fileRef = F50C14AF1DB7743600FA8C9F /* ZPPicInfo.m */; };
		F50D9FE31D74356D00F0B354 /* BannerTableViewCell.m in Sources */ = {isa = PBXBuildFile; fileRef = F50D9FE11D74356D00F0B354 /* BannerTableViewCell.m */; };
		F532ED2C1D9A130A006B1C81 /* CoreGraphics.framework in Frameworks */ = {isa = PBXBuildFile; fileRef = F532ED2B1D9A130A006B1C81 /* CoreGraphics.framework */; };
		F532ED2E1D9A131D006B1C81 /* Foundation.framework in Frameworks */ = {isa = PBXBuildFile; fileRef = F532ED2D1D9A131D006B1C81 /* Foundation.framework */; };
		F532ED301D9A1327006B1C81 /* UIKit.framework in Frameworks */ = {isa = PBXBuildFile; fileRef = F532ED2F1D9A1327006B1C81 /* UIKit.framework */; };
		F532ED351D9A138D006B1C81 /* DLRadioButton.framework in Embed Frameworks */ = {isa = PBXBuildFile; fileRef = F532ED291D9A129A006B1C81 /* DLRadioButton.framework */; settings = {ATTRIBUTES = (CodeSignOnCopy, RemoveHeadersOnCopy, ); }; };
		F53342071D77BC9D00E375E4 /* ZPClassificationViewModel.m in Sources */ = {isa = PBXBuildFile; fileRef = F53342061D77BC9D00E375E4 /* ZPClassificationViewModel.m */; };
		F533420A1D77C65700E375E4 /* ZPLoginViewModel.m in Sources */ = {isa = PBXBuildFile; fileRef = F53342091D77C65700E375E4 /* ZPLoginViewModel.m */; };
		F533420D1D77CA3D00E375E4 /* UserInfo.m in Sources */ = {isa = PBXBuildFile; fileRef = F533420C1D77CA3D00E375E4 /* UserInfo.m */; };
		F53342101D77CE9B00E375E4 /* ZPPersonalInfoViewController.m in Sources */ = {isa = PBXBuildFile; fileRef = F533420F1D77CE9B00E375E4 /* ZPPersonalInfoViewController.m */; };
		F53342151D77DB4600E375E4 /* ZPTopIconInfoTableViewCell.m in Sources */ = {isa = PBXBuildFile; fileRef = F53342131D77DB4600E375E4 /* ZPTopIconInfoTableViewCell.m */; };
		F53342161D77DB4600E375E4 /* ZPTopIconInfoTableViewCell.xib in Resources */ = {isa = PBXBuildFile; fileRef = F53342141D77DB4600E375E4 /* ZPTopIconInfoTableViewCell.xib */; };
		F5372FB41D9B692300756043 /* ZPOrderDetailInfoViewController.m in Sources */ = {isa = PBXBuildFile; fileRef = F5372FB31D9B692300756043 /* ZPOrderDetailInfoViewController.m */; };
		F53AB7E11DA9CAF300AE9CFA /* statisticsFooterView.xib in Resources */ = {isa = PBXBuildFile; fileRef = F53AB7E01DA9CAF300AE9CFA /* statisticsFooterView.xib */; };
		F53AB7E41DA9CCCE00AE9CFA /* ZPstatisticsFooterView.m in Sources */ = {isa = PBXBuildFile; fileRef = F53AB7E31DA9CCCE00AE9CFA /* ZPstatisticsFooterView.m */; };
		F53AB7E71DA9D3E100AE9CFA /* ZPShoppingCartViewModel.m in Sources */ = {isa = PBXBuildFile; fileRef = F53AB7E61DA9D3E100AE9CFA /* ZPShoppingCartViewModel.m */; };
		F53BC1951D824E6100EACF90 /* ZPResetPassWordViewModel.m in Sources */ = {isa = PBXBuildFile; fileRef = F53BC1941D824E6100EACF90 /* ZPResetPassWordViewModel.m */; };
		F53BC1981D82600900EACF90 /* ZPGoodsListViewController.m in Sources */ = {isa = PBXBuildFile; fileRef = F53BC1971D82600900EACF90 /* ZPGoodsListViewController.m */; };
		F53BC19B1D8289FC00EACF90 /* GoodsList.m in Sources */ = {isa = PBXBuildFile; fileRef = F53BC19A1D8289FC00EACF90 /* GoodsList.m */; };
		F53BC19F1D8290F000EACF90 /* ZPGoodsListTableViewCell.m in Sources */ = {isa = PBXBuildFile; fileRef = F53BC19D1D8290F000EACF90 /* ZPGoodsListTableViewCell.m */; };
		F53BC1A01D8290F000EACF90 /* ZPGoodsListTableViewCell.xib in Resources */ = {isa = PBXBuildFile; fileRef = F53BC19E1D8290F000EACF90 /* ZPGoodsListTableViewCell.xib */; };
		F53BC1A31D82A83D00EACF90 /* ZPGoodsListHeadView.m in Sources */ = {isa = PBXBuildFile; fileRef = F53BC1A21D82A83D00EACF90 /* ZPGoodsListHeadView.m */; };
		F53BC1A51D82A85500EACF90 /* ZPGoodsListHeadView.xib in Resources */ = {isa = PBXBuildFile; fileRef = F53BC1A41D82A85500EACF90 /* ZPGoodsListHeadView.xib */; };
		F53BC1A81D82B40200EACF90 /* GoodsInfo.m in Sources */ = {isa = PBXBuildFile; fileRef = F53BC1A71D82B40200EACF90 /* GoodsInfo.m */; };
		F53BC1AB1D82B40E00EACF90 /* GoodsDetail.m in Sources */ = {isa = PBXBuildFile; fileRef = F53BC1AA1D82B40E00EACF90 /* GoodsDetail.m */; };
		F53BC1AE1D82B5DD00EACF90 /* Color.m in Sources */ = {isa = PBXBuildFile; fileRef = F53BC1AD1D82B5DD00EACF90 /* Color.m */; };
		F53BC1B11D82B7BF00EACF90 /* Taimian.m in Sources */ = {isa = PBXBuildFile; fileRef = F53BC1B01D82B7BF00EACF90 /* Taimian.m */; };
		F53BC1B41D82B86800EACF90 /* Door.m in Sources */ = {isa = PBXBuildFile; fileRef = F53BC1B31D82B86800EACF90 /* Door.m */; };
		F53D35791D8F7B9000DA4FC8 /* ZPClassTitle.m in Sources */ = {isa = PBXBuildFile; fileRef = F53D35781D8F7B9000DA4FC8 /* ZPClassTitle.m */; };
		F53D357E1D8F7F4500DA4FC8 /* ZPClassTitleCollectionViewCell.m in Sources */ = {isa = PBXBuildFile; fileRef = F53D357C1D8F7F4500DA4FC8 /* ZPClassTitleCollectionViewCell.m */; };
		F53D357F1D8F7F4500DA4FC8 /* ZPClassTitleCollectionViewCell.xib in Resources */ = {isa = PBXBuildFile; fileRef = F53D357D1D8F7F4500DA4FC8 /* ZPClassTitleCollectionViewCell.xib */; };
		F5788B471D7430E3009A4734 /* BannerGoods.m in Sources */ = {isa = PBXBuildFile; fileRef = F5788B461D7430E3009A4734 /* BannerGoods.m */; };
		F5AB55751D87AAD000D6F959 /* ZPProductDetailsCommentsTableViewCell.m in Sources */ = {isa = PBXBuildFile; fileRef = F5AB55731D87AAD000D6F959 /* ZPProductDetailsCommentsTableViewCell.m */; };
		F5AB55761D87AAD000D6F959 /* ZPProductDetailsCommentsTableViewCell.xib in Resources */ = {isa = PBXBuildFile; fileRef = F5AB55741D87AAD000D6F959 /* ZPProductDetailsCommentsTableViewCell.xib */; };
		F5D957A81D93BB8A0027AF0E /* ZPAddAddressTableViewCell.m in Sources */ = {isa = PBXBuildFile; fileRef = F5D957A71D93BB8A0027AF0E /* ZPAddAddressTableViewCell.m */; };
		F5D957AC1D93D6770027AF0E /* ZPChooseAddressCollectionViewCell.m in Sources */ = {isa = PBXBuildFile; fileRef = F5D957AA1D93D6770027AF0E /* ZPChooseAddressCollectionViewCell.m */; };
		F5D957AD1D93D6770027AF0E /* ZPChooseAddressCollectionViewCell.xib in Resources */ = {isa = PBXBuildFile; fileRef = F5D957AB1D93D6770027AF0E /* ZPChooseAddressCollectionViewCell.xib */; };
		F5E7FE041D9E4E6200978249 /* ZPConfirmOrderInfoToPayViewController.m in Sources */ = {isa = PBXBuildFile; fileRef = F5E7FE031D9E4E6200978249 /* ZPConfirmOrderInfoToPayViewController.m */; };
		F5FB38ED1D9CB2C60028B107 /* ZPChooseAddressView.m in Sources */ = {isa = PBXBuildFile; fileRef = F5FB38EC1D9CB2C60028B107 /* ZPChooseAddressView.m */; };
		F5FB38EF1D9CB2CE0028B107 /* ZPChooseAddressView.xib in Resources */ = {isa = PBXBuildFile; fileRef = F5FB38EE1D9CB2CE0028B107 /* ZPChooseAddressView.xib */; };
		F5FB38F31D9CC1270028B107 /* ZPChooseAddressTableViewCell.m in Sources */ = {isa = PBXBuildFile; fileRef = F5FB38F11D9CC1270028B107 /* ZPChooseAddressTableViewCell.m */; };
		F5FB38F41D9CC1270028B107 /* ZPChooseAddressTableViewCell.xib in Resources */ = {isa = PBXBuildFile; fileRef = F5FB38F21D9CC1270028B107 /* ZPChooseAddressTableViewCell.xib */; };
		F5FB98F21D94C2370069A190 /* Address.plist in Resources */ = {isa = PBXBuildFile; fileRef = F5FB98F11D94C2370069A190 /* Address.plist */; };
		F5FCF6361D93AF8C006C6E0B /* ZPActivityHeaderView.m in Sources */ = {isa = PBXBuildFile; fileRef = F5FCF6351D93AF8C006C6E0B /* ZPActivityHeaderView.m */; };
		F5FCF6381D93AF9F006C6E0B /* ZPActivityHeaderView.xib in Resources */ = {isa = PBXBuildFile; fileRef = F5FCF6371D93AF9F006C6E0B /* ZPActivityHeaderView.xib */; };
		F5FCF63B1D93B6A3006C6E0B /* ZPAddressManagementViewController.m in Sources */ = {isa = PBXBuildFile; fileRef = F5FCF63A1D93B6A3006C6E0B /* ZPAddressManagementViewController.m */; };
		F5FCF63E1D93B8EA006C6E0B /* ZPAddressInfoViewController.m in Sources */ = {isa = PBXBuildFile; fileRef = F5FCF63D1D93B8EA006C6E0B /* ZPAddressInfoViewController.m */; };
		F5FD04A21D77F6B900B1E82D /* ZPPersonalInfoTableViewCell.m in Sources */ = {isa = PBXBuildFile; fileRef = F5FD04A01D77F6B900B1E82D /* ZPPersonalInfoTableViewCell.m */; };
		F5FD04A31D77F6B900B1E82D /* ZPPersonalInfoTableViewCell.xib in Resources */ = {isa = PBXBuildFile; fileRef = F5FD04A11D77F6B900B1E82D /* ZPPersonalInfoTableViewCell.xib */; };
		F5FD14E31DAB2C1E00E7A856 /* ZPOrderInfo.m in Sources */ = {isa = PBXBuildFile; fileRef = F5FD14E21DAB2C1E00E7A856 /* ZPOrderInfo.m */; };
		F5FF17441D8650A9002C7F2C /* ZPGoodsDetailInfoViewController.m in Sources */ = {isa = PBXBuildFile; fileRef = F5FF17431D8650A9002C7F2C /* ZPGoodsDetailInfoViewController.m */; };
		F5FFD05F1D90C37E00F45550 /* ZPClassificationDetailsCollectionViewCell.m in Sources */ = {isa = PBXBuildFile; fileRef = F5FFD05D1D90C37E00F45550 /* ZPClassificationDetailsCollectionViewCell.m */; };
		F5FFD0601D90C37E00F45550 /* ZPClassificationDetailsCollectionViewCell.xib in Resources */ = {isa = PBXBuildFile; fileRef = F5FFD05E1D90C37E00F45550 /* ZPClassificationDetailsCollectionViewCell.xib */; };
		F5FFD0631D90C86C00F45550 /* ZPClassificationDetailsViewModel.m in Sources */ = {isa = PBXBuildFile; fileRef = F5FFD0621D90C86C00F45550 /* ZPClassificationDetailsViewModel.m */; };
/* End PBXBuildFile section */

/* Begin PBXContainerItemProxy section */
		F50A82FB1D73D09300026F7F /* PBXContainerItemProxy */ = {
			isa = PBXContainerItemProxy;
			containerPortal = F50A82D61D73D09300026F7F /* Project object */;
			proxyType = 1;
			remoteGlobalIDString = F50A82DD1D73D09300026F7F;
			remoteInfo = ZPJawaMall;
		};
		F50A83061D73D09300026F7F /* PBXContainerItemProxy */ = {
			isa = PBXContainerItemProxy;
			containerPortal = F50A82D61D73D09300026F7F /* Project object */;
			proxyType = 1;
			remoteGlobalIDString = F50A82DD1D73D09300026F7F;
			remoteInfo = ZPJawaMall;
		};
/* End PBXContainerItemProxy section */

/* Begin PBXCopyFilesBuildPhase section */
		F532ED361D9A138D006B1C81 /* Embed Frameworks */ = {
			isa = PBXCopyFilesBuildPhase;
			buildActionMask = 2147483647;
			dstPath = "";
			dstSubfolderSpec = 10;
			files = (
				F532ED351D9A138D006B1C81 /* DLRadioButton.framework in Embed Frameworks */,
			);
			name = "Embed Frameworks";
			runOnlyForDeploymentPostprocessing = 0;
		};
/* End PBXCopyFilesBuildPhase section */

/* Begin PBXFileReference section */
		119F2464893C9FD5EA6CDC81 /* Pods-ZPJawaMall.debug.xcconfig */ = {isa = PBXFileReference; includeInIndex = 1; lastKnownFileType = text.xcconfig; name = "Pods-ZPJawaMall.debug.xcconfig"; path = "Pods/Target Support Files/Pods-ZPJawaMall/Pods-ZPJawaMall.debug.xcconfig"; sourceTree = "<group>"; };
		4AFC0EA83CAF05A28F9E1021 /* libPods-ZPJawaMall.a */ = {isa = PBXFileReference; explicitFileType = archive.ar; includeInIndex = 0; path = "libPods-ZPJawaMall.a"; sourceTree = BUILT_PRODUCTS_DIR; };
		C7DE15E3D6E3FABA6B6AC0EE /* Pods-ZPJawaMall.release.xcconfig */ = {isa = PBXFileReference; includeInIndex = 1; lastKnownFileType = text.xcconfig; name = "Pods-ZPJawaMall.release.xcconfig"; path = "Pods/Target Support Files/Pods-ZPJawaMall/Pods-ZPJawaMall.release.xcconfig"; sourceTree = "<group>"; };
		F5006CC11DAA1634004AD3E1 /* PurchaseCarAnimationTool.h */ = {isa = PBXFileReference; fileEncoding = 4; lastKnownFileType = sourcecode.c.h; path = PurchaseCarAnimationTool.h; sourceTree = "<group>"; };
		F5006CC21DAA1634004AD3E1 /* PurchaseCarAnimationTool.m */ = {isa = PBXFileReference; fileEncoding = 4; lastKnownFileType = sourcecode.c.objc; path = PurchaseCarAnimationTool.m; sourceTree = "<group>"; };
		F5006CC41DAA1CC5004AD3E1 /* ZPShoppingCart.h */ = {isa = PBXFileReference; fileEncoding = 4; lastKnownFileType = sourcecode.c.h; path = ZPShoppingCart.h; sourceTree = "<group>"; };
		F5006CC51DAA1CC5004AD3E1 /* ZPShoppingCart.m */ = {isa = PBXFileReference; fileEncoding = 4; lastKnownFileType = sourcecode.c.objc; path = ZPShoppingCart.m; sourceTree = "<group>"; };
		F500EC9C1D795247007E4E2C /* ZPRegisterViewModel.h */ = {isa = PBXFileReference; fileEncoding = 4; lastKnownFileType = sourcecode.c.h; path = ZPRegisterViewModel.h; sourceTree = "<group>"; };
		F500EC9D1D795247007E4E2C /* ZPRegisterViewModel.m */ = {isa = PBXFileReference; fileEncoding = 4; lastKnownFileType = sourcecode.c.objc; path = ZPRegisterViewModel.m; sourceTree = "<group>"; };
		F500EC9F1D7974E4007E4E2C /* ZPSendIdentifyCodeViewModel.h */ = {isa = PBXFileReference; fileEncoding = 4; lastKnownFileType = sourcecode.c.h; path = ZPSendIdentifyCodeViewModel.h; sourceTree = "<group>"; };
		F500ECA01D7974E4007E4E2C /* ZPSendIdentifyCodeViewModel.m */ = {isa = PBXFileReference; fileEncoding = 4; lastKnownFileType = sourcecode.c.objc; path = ZPSendIdentifyCodeViewModel.m; sourceTree = "<group>"; };
		F50189D31DB6F9E10096A048 /* ZPGeneratePartsOrder.h */ = {isa = PBXFileReference; fileEncoding = 4; lastKnownFileType = sourcecode.c.h; path = ZPGeneratePartsOrder.h; sourceTree = "<group>"; };
		F50189D41DB6F9E10096A048 /* ZPGeneratePartsOrder.m */ = {isa = PBXFileReference; fileEncoding = 4; lastKnownFileType = sourcecode.c.objc; path = ZPGeneratePartsOrder.m; sourceTree = "<group>"; };
		F5026CB11D76CA83001B3E44 /* ZPHomePageGoodsHeadView.h */ = {isa = PBXFileReference; fileEncoding = 4; lastKnownFileType = sourcecode.c.h; path = ZPHomePageGoodsHeadView.h; sourceTree = "<group>"; };
		F5026CB21D76CA83001B3E44 /* ZPHomePageGoodsHeadView.m */ = {isa = PBXFileReference; fileEncoding = 4; lastKnownFileType = sourcecode.c.objc; path = ZPHomePageGoodsHeadView.m; sourceTree = "<group>"; };
		F5026CB41D76CC7A001B3E44 /* ZPHomePageGoodsHeadView.xib */ = {isa = PBXFileReference; fileEncoding = 4; lastKnownFileType = file.xib; path = ZPHomePageGoodsHeadView.xib; sourceTree = "<group>"; };
		F503A8771D9BA82D00EF9046 /* ZPStoresInfoView.h */ = {isa = PBXFileReference; fileEncoding = 4; lastKnownFileType = sourcecode.c.h; path = ZPStoresInfoView.h; sourceTree = "<group>"; };
		F503A8781D9BA82D00EF9046 /* ZPStoresInfoView.m */ = {isa = PBXFileReference; fileEncoding = 4; lastKnownFileType = sourcecode.c.objc; path = ZPStoresInfoView.m; sourceTree = "<group>"; };
		F503A87A1D9BA85400EF9046 /* ZPStoresInfoView.xib */ = {isa = PBXFileReference; fileEncoding = 4; lastKnownFileType = file.xib; path = ZPStoresInfoView.xib; sourceTree = "<group>"; };
		F503A87C1D9BAE7F00EF9046 /* ZPStoreInfoViewModel.h */ = {isa = PBXFileReference; fileEncoding = 4; lastKnownFileType = sourcecode.c.h; path = ZPStoreInfoViewModel.h; sourceTree = "<group>"; };
		F503A87D1D9BAE7F00EF9046 /* ZPStoreInfoViewModel.m */ = {isa = PBXFileReference; fileEncoding = 4; lastKnownFileType = sourcecode.c.objc; path = ZPStoreInfoViewModel.m; sourceTree = "<group>"; };
		F503A8821D9BB8BB00EF9046 /* ZPStores.h */ = {isa = PBXFileReference; fileEncoding = 4; lastKnownFileType = sourcecode.c.h; path = ZPStores.h; sourceTree = "<group>"; };
		F503A8831D9BB8BB00EF9046 /* ZPStores.m */ = {isa = PBXFileReference; fileEncoding = 4; lastKnownFileType = sourcecode.c.objc; path = ZPStores.m; sourceTree = "<group>"; };
		F503A8851D9BBF3200EF9046 /* ZPEmployees.h */ = {isa = PBXFileReference; fileEncoding = 4; lastKnownFileType = sourcecode.c.h; path = ZPEmployees.h; sourceTree = "<group>"; };
		F503A8861D9BBF3200EF9046 /* ZPEmployees.m */ = {isa = PBXFileReference; fileEncoding = 4; lastKnownFileType = sourcecode.c.objc; path = ZPEmployees.m; sourceTree = "<group>"; };
		F5043BA01D98F037000D598F /* ZPAddress.h */ = {isa = PBXFileReference; fileEncoding = 4; lastKnownFileType = sourcecode.c.h; path = ZPAddress.h; sourceTree = "<group>"; };
		F5043BA11D98F037000D598F /* ZPAddress.m */ = {isa = PBXFileReference; fileEncoding = 4; lastKnownFileType = sourcecode.c.objc; path = ZPAddress.m; sourceTree = "<group>"; };
		F5043BA31D98F79E000D598F /* ZPAddressDetailInfoTableViewCell.h */ = {isa = PBXFileReference; fileEncoding = 4; lastKnownFileType = sourcecode.c.h; path = ZPAddressDetailInfoTableViewCell.h; sourceTree = "<group>"; };
		F5043BA41D98F79E000D598F /* ZPAddressDetailInfoTableViewCell.m */ = {isa = PBXFileReference; fileEncoding = 4; lastKnownFileType = sourcecode.c.objc; path = ZPAddressDetailInfoTableViewCell.m; sourceTree = "<group>"; };
		F50551A21D7525E700271E72 /* BannerTableViewCell.xib */ = {isa = PBXFileReference; fileEncoding = 4; lastKnownFileType = file.xib; path = BannerTableViewCell.xib; sourceTree = "<group>"; };
		F50551A91D75332200271E72 /* HomeGoodsCollectionViewCell.h */ = {isa = PBXFileReference; fileEncoding = 4; lastKnownFileType = sourcecode.c.h; path = HomeGoodsCollectionViewCell.h; sourceTree = "<group>"; };
		F50551AA1D75332200271E72 /* HomeGoodsCollectionViewCell.m */ = {isa = PBXFileReference; fileEncoding = 4; lastKnownFileType = sourcecode.c.objc; path = HomeGoodsCollectionViewCell.m; sourceTree = "<group>"; };
		F50551AE1D75346100271E72 /* HomeGoodsTableViewCell.h */ = {isa = PBXFileReference; fileEncoding = 4; lastKnownFileType = sourcecode.c.h; path = HomeGoodsTableViewCell.h; sourceTree = "<group>"; };
		F50551AF1D75346100271E72 /* HomeGoodsTableViewCell.m */ = {isa = PBXFileReference; fileEncoding = 4; lastKnownFileType = sourcecode.c.objc; path = HomeGoodsTableViewCell.m; sourceTree = "<group>"; };
		F50551B01D75346100271E72 /* HomeGoodsTableViewCell.xib */ = {isa = PBXFileReference; fileEncoding = 4; lastKnownFileType = file.xib; path = HomeGoodsTableViewCell.xib; sourceTree = "<group>"; };
		F505B5DD1D74016C007AFA5B /* ViewModelClass.h */ = {isa = PBXFileReference; fileEncoding = 4; lastKnownFileType = sourcecode.c.h; path = ViewModelClass.h; sourceTree = "<group>"; };
		F505B5DE1D74016C007AFA5B /* ViewModelClass.m */ = {isa = PBXFileReference; fileEncoding = 4; lastKnownFileType = sourcecode.c.objc; path = ViewModelClass.m; sourceTree = "<group>"; };
		F505B5E11D740203007AFA5B /* PrefixHeader.pch */ = {isa = PBXFileReference; lastKnownFileType = sourcecode.c.h; path = PrefixHeader.pch; sourceTree = "<group>"; };
		F505B5E21D74032A007AFA5B /* Config.h */ = {isa = PBXFileReference; lastKnownFileType = sourcecode.c.h; path = Config.h; sourceTree = "<group>"; };
		F505B5E31D740856007AFA5B /* BassViewController.h */ = {isa = PBXFileReference; fileEncoding = 4; lastKnownFileType = sourcecode.c.h; path = BassViewController.h; sourceTree = "<group>"; };
		F505B5E41D740856007AFA5B /* BassViewController.m */ = {isa = PBXFileReference; fileEncoding = 4; lastKnownFileType = sourcecode.c.objc; path = BassViewController.m; sourceTree = "<group>"; };
		F505B5EA1D740FDC007AFA5B /* TopBarView.h */ = {isa = PBXFileReference; fileEncoding = 4; lastKnownFileType = sourcecode.c.h; path = TopBarView.h; sourceTree = "<group>"; };
		F505B5EB1D740FDC007AFA5B /* TopBarView.m */ = {isa = PBXFileReference; fileEncoding = 4; lastKnownFileType = sourcecode.c.objc; path = TopBarView.m; sourceTree = "<group>"; };
		F505B5ED1D740FF0007AFA5B /* TopBarView.xib */ = {isa = PBXFileReference; fileEncoding = 4; lastKnownFileType = file.xib; path = TopBarView.xib; sourceTree = "<group>"; };
		F505B5F31D741C52007AFA5B /* ZPClassificationViewController.h */ = {isa = PBXFileReference; fileEncoding = 4; lastKnownFileType = sourcecode.c.h; path = ZPClassificationViewController.h; sourceTree = "<group>"; };
		F505B5F41D741C52007AFA5B /* ZPClassificationViewController.m */ = {isa = PBXFileReference; fileEncoding = 4; lastKnownFileType = sourcecode.c.objc; path = ZPClassificationViewController.m; sourceTree = "<group>"; };
		F505B5F61D741C52007AFA5B /* ZPJawaHomepageViewController.h */ = {isa = PBXFileReference; fileEncoding = 4; lastKnownFileType = sourcecode.c.h; path = ZPJawaHomepageViewController.h; sourceTree = "<group>"; };
		F505B5F71D741C52007AFA5B /* ZPJawaHomepageViewController.m */ = {isa = PBXFileReference; fileEncoding = 4; lastKnownFileType = sourcecode.c.objc; path = ZPJawaHomepageViewController.m; sourceTree = "<group>"; };
		F505B5FC1D741C77007AFA5B /* ZPPersonalCenterViewController.h */ = {isa = PBXFileReference; fileEncoding = 4; lastKnownFileType = sourcecode.c.h; path = ZPPersonalCenterViewController.h; sourceTree = "<group>"; };
		F505B5FD1D741C77007AFA5B /* ZPPersonalCenterViewController.m */ = {isa = PBXFileReference; fileEncoding = 4; lastKnownFileType = sourcecode.c.objc; path = ZPPersonalCenterViewController.m; sourceTree = "<group>"; };
		F505B5FF1D741C84007AFA5B /* ZPShopingCenterViewController.h */ = {isa = PBXFileReference; fileEncoding = 4; lastKnownFileType = sourcecode.c.h; path = ZPShopingCenterViewController.h; sourceTree = "<group>"; };
		F505B6001D741C84007AFA5B /* ZPShopingCenterViewController.m */ = {isa = PBXFileReference; fileEncoding = 4; lastKnownFileType = sourcecode.c.objc; path = ZPShopingCenterViewController.m; sourceTree = "<group>"; };
		F505B6021D7422FA007AFA5B /* ZPHomePageViewModel.h */ = {isa = PBXFileReference; fileEncoding = 4; lastKnownFileType = sourcecode.c.h; path = ZPHomePageViewModel.h; sourceTree = "<group>"; };
		F505B6031D7422FA007AFA5B /* ZPHomePageViewModel.m */ = {isa = PBXFileReference; fileEncoding = 4; lastKnownFileType = sourcecode.c.objc; path = ZPHomePageViewModel.m; sourceTree = "<group>"; };
		F50697CC1D9379B30059DE8A /* ZPPersonViewModel.h */ = {isa = PBXFileReference; fileEncoding = 4; lastKnownFileType = sourcecode.c.h; path = ZPPersonViewModel.h; sourceTree = "<group>"; };
		F50697CD1D9379B30059DE8A /* ZPPersonViewModel.m */ = {isa = PBXFileReference; fileEncoding = 4; lastKnownFileType = sourcecode.c.objc; path = ZPPersonViewModel.m; sourceTree = "<group>"; };
		F50697CF1D937AD70059DE8A /* Order.h */ = {isa = PBXFileReference; fileEncoding = 4; lastKnownFileType = sourcecode.c.h; path = Order.h; sourceTree = "<group>"; };
		F50697D01D937AD70059DE8A /* Order.m */ = {isa = PBXFileReference; fileEncoding = 4; lastKnownFileType = sourcecode.c.objc; path = Order.m; sourceTree = "<group>"; };
		F50697D21D937E450059DE8A /* ZPUserOrderViewController.h */ = {isa = PBXFileReference; fileEncoding = 4; lastKnownFileType = sourcecode.c.h; path = ZPUserOrderViewController.h; sourceTree = "<group>"; };
		F50697D31D937E450059DE8A /* ZPUserOrderViewController.m */ = {isa = PBXFileReference; fileEncoding = 4; lastKnownFileType = sourcecode.c.objc; path = ZPUserOrderViewController.m; sourceTree = "<group>"; };
		F50697D51D9387F00059DE8A /* ZPZPActivityViewController.h */ = {isa = PBXFileReference; fileEncoding = 4; lastKnownFileType = sourcecode.c.h; path = ZPZPActivityViewController.h; sourceTree = "<group>"; };
		F50697D61D9387F00059DE8A /* ZPZPActivityViewController.m */ = {isa = PBXFileReference; fileEncoding = 4; lastKnownFileType = sourcecode.c.objc; path = ZPZPActivityViewController.m; sourceTree = "<group>"; };
		F50697D81D9389660059DE8A /* ZPActivityTableViewCell.h */ = {isa = PBXFileReference; fileEncoding = 4; lastKnownFileType = sourcecode.c.h; path = ZPActivityTableViewCell.h; sourceTree = "<group>"; };
		F50697D91D9389660059DE8A /* ZPActivityTableViewCell.m */ = {isa = PBXFileReference; fileEncoding = 4; lastKnownFileType = sourcecode.c.objc; path = ZPActivityTableViewCell.m; sourceTree = "<group>"; };
		F50697DA1D9389660059DE8A /* ZPActivityTableViewCell.xib */ = {isa = PBXFileReference; fileEncoding = 4; lastKnownFileType = file.xib; path = ZPActivityTableViewCell.xib; sourceTree = "<group>"; };
		F50697DD1D938C6B0059DE8A /* ZPActivity.h */ = {isa = PBXFileReference; fileEncoding = 4; lastKnownFileType = sourcecode.c.h; path = ZPActivity.h; sourceTree = "<group>"; };
		F50697DE1D938C6B0059DE8A /* ZPActivity.m */ = {isa = PBXFileReference; fileEncoding = 4; lastKnownFileType = sourcecode.c.objc; path = ZPActivity.m; sourceTree = "<group>"; };
		F5069A8B1D86889B00C25787 /* ZPPriceDetailTableViewCell.h */ = {isa = PBXFileReference; fileEncoding = 4; lastKnownFileType = sourcecode.c.h; path = ZPPriceDetailTableViewCell.h; sourceTree = "<group>"; };
		F5069A8C1D86889B00C25787 /* ZPPriceDetailTableViewCell.m */ = {isa = PBXFileReference; fileEncoding = 4; lastKnownFileType = sourcecode.c.objc; path = ZPPriceDetailTableViewCell.m; sourceTree = "<group>"; };
		F5069A8D1D86889B00C25787 /* ZPPriceDetailTableViewCell.xib */ = {isa = PBXFileReference; fileEncoding = 4; lastKnownFileType = file.xib; path = ZPPriceDetailTableViewCell.xib; sourceTree = "<group>"; };
		F5069A901D8691A600C25787 /* ZPSpecificationsTableViewCell.h */ = {isa = PBXFileReference; fileEncoding = 4; lastKnownFileType = sourcecode.c.h; path = ZPSpecificationsTableViewCell.h; sourceTree = "<group>"; };
		F5069A911D8691A600C25787 /* ZPSpecificationsTableViewCell.m */ = {isa = PBXFileReference; fileEncoding = 4; lastKnownFileType = sourcecode.c.objc; path = ZPSpecificationsTableViewCell.m; sourceTree = "<group>"; };
		F5069A921D8691A600C25787 /* ZPSpecificationsTableViewCell.xib */ = {isa = PBXFileReference; fileEncoding = 4; lastKnownFileType = file.xib; path = ZPSpecificationsTableViewCell.xib; sourceTree = "<group>"; };
		F5069A981D8697F400C25787 /* ZPColorChooseTableViewCell.h */ = {isa = PBXFileReference; fileEncoding = 4; lastKnownFileType = sourcecode.c.h; path = ZPColorChooseTableViewCell.h; sourceTree = "<group>"; };
		F5069A991D8697F400C25787 /* ZPColorChooseTableViewCell.m */ = {isa = PBXFileReference; fileEncoding = 4; lastKnownFileType = sourcecode.c.objc; path = ZPColorChooseTableViewCell.m; sourceTree = "<group>"; };
		F5069A9A1D8697F400C25787 /* ZPColorChooseTableViewCell.xib */ = {isa = PBXFileReference; fileEncoding = 4; lastKnownFileType = file.xib; path = ZPColorChooseTableViewCell.xib; sourceTree = "<group>"; };
		F5069A9D1D869C5000C25787 /* ZPColorChooseCollectionViewCell.h */ = {isa = PBXFileReference; fileEncoding = 4; lastKnownFileType = sourcecode.c.h; path = ZPColorChooseCollectionViewCell.h; sourceTree = "<group>"; };
		F5069A9E1D869C5000C25787 /* ZPColorChooseCollectionViewCell.m */ = {isa = PBXFileReference; fileEncoding = 4; lastKnownFileType = sourcecode.c.objc; path = ZPColorChooseCollectionViewCell.m; sourceTree = "<group>"; };
		F5069A9F1D869C5000C25787 /* ZPColorChooseCollectionViewCell.xib */ = {isa = PBXFileReference; fileEncoding = 4; lastKnownFileType = file.xib; path = ZPColorChooseCollectionViewCell.xib; sourceTree = "<group>"; };
		F5085E0D1D75681900E4766F /* HomePageGoods.h */ = {isa = PBXFileReference; fileEncoding = 4; lastKnownFileType = sourcecode.c.h; path = HomePageGoods.h; sourceTree = "<group>"; };
		F5085E0E1D75681900E4766F /* HomePageGoods.m */ = {isa = PBXFileReference; fileEncoding = 4; lastKnownFileType = sourcecode.c.objc; path = HomePageGoods.m; sourceTree = "<group>"; };
		F50A82DE1D73D09300026F7F /* ZPJawaMall.app */ = {isa = PBXFileReference; explicitFileType = wrapper.application; includeInIndex = 0; path = ZPJawaMall.app; sourceTree = BUILT_PRODUCTS_DIR; };
		F50A82E21D73D09300026F7F /* main.m */ = {isa = PBXFileReference; lastKnownFileType = sourcecode.c.objc; path = main.m; sourceTree = "<group>"; };
		F50A82E41D73D09300026F7F /* AppDelegate.h */ = {isa = PBXFileReference; lastKnownFileType = sourcecode.c.h; path = AppDelegate.h; sourceTree = "<group>"; };
		F50A82E51D73D09300026F7F /* AppDelegate.m */ = {isa = PBXFileReference; lastKnownFileType = sourcecode.c.objc; path = AppDelegate.m; sourceTree = "<group>"; };
		F50A82EB1D73D09300026F7F /* Base */ = {isa = PBXFileReference; lastKnownFileType = file.storyboard; name = Base; path = Base.lproj/Main.storyboard; sourceTree = "<group>"; };
		F50A82F01D73D09300026F7F /* Assets.xcassets */ = {isa = PBXFileReference; lastKnownFileType = folder.assetcatalog; path = Assets.xcassets; sourceTree = "<group>"; };
		F50A82F51D73D09300026F7F /* Info.plist */ = {isa = PBXFileReference; lastKnownFileType = text.plist.xml; path = Info.plist; sourceTree = "<group>"; };
		F50A82FA1D73D09300026F7F /* ZPJawaMallTests.xctest */ = {isa = PBXFileReference; explicitFileType = wrapper.cfbundle; includeInIndex = 0; path = ZPJawaMallTests.xctest; sourceTree = BUILT_PRODUCTS_DIR; };
		F50A82FE1D73D09300026F7F /* ZPJawaMallTests.m */ = {isa = PBXFileReference; lastKnownFileType = sourcecode.c.objc; path = ZPJawaMallTests.m; sourceTree = "<group>"; };
		F50A83001D73D09300026F7F /* Info.plist */ = {isa = PBXFileReference; lastKnownFileType = text.plist.xml; path = Info.plist; sourceTree = "<group>"; };
		F50A83051D73D09300026F7F /* ZPJawaMallUITests.xctest */ = {isa = PBXFileReference; explicitFileType = wrapper.cfbundle; includeInIndex = 0; path = ZPJawaMallUITests.xctest; sourceTree = BUILT_PRODUCTS_DIR; };
		F50A83091D73D09300026F7F /* ZPJawaMallUITests.m */ = {isa = PBXFileReference; lastKnownFileType = sourcecode.c.objc; path = ZPJawaMallUITests.m; sourceTree = "<group>"; };
		F50A830B1D73D09300026F7F /* Info.plist */ = {isa = PBXFileReference; lastKnownFileType = text.plist.xml; path = Info.plist; sourceTree = "<group>"; };
		F50C14AE1DB7743600FA8C9F /* ZPPicInfo.h */ = {isa = PBXFileReference; fileEncoding = 4; lastKnownFileType = sourcecode.c.h; path = ZPPicInfo.h; sourceTree = "<group>"; };
		F50C14AF1DB7743600FA8C9F /* ZPPicInfo.m */ = {isa = PBXFileReference; fileEncoding = 4; lastKnownFileType = sourcecode.c.objc; path = ZPPicInfo.m; sourceTree = "<group>"; };
		F50D9FE01D74356D00F0B354 /* BannerTableViewCell.h */ = {isa = PBXFileReference; fileEncoding = 4; lastKnownFileType = sourcecode.c.h; path = BannerTableViewCell.h; sourceTree = "<group>"; };
		F50D9FE11D74356D00F0B354 /* BannerTableViewCell.m */ = {isa = PBXFileReference; fileEncoding = 4; lastKnownFileType = sourcecode.c.objc; path = BannerTableViewCell.m; sourceTree = "<group>"; };
		F532ED291D9A129A006B1C81 /* DLRadioButton.framework */ = {isa = PBXFileReference; lastKnownFileType = wrapper.framework; path = DLRadioButton.framework; sourceTree = "<group>"; };
		F532ED2B1D9A130A006B1C81 /* CoreGraphics.framework */ = {isa = PBXFileReference; lastKnownFileType = wrapper.framework; name = CoreGraphics.framework; path = System/Library/Frameworks/CoreGraphics.framework; sourceTree = SDKROOT; };
		F532ED2D1D9A131D006B1C81 /* Foundation.framework */ = {isa = PBXFileReference; lastKnownFileType = wrapper.framework; name = Foundation.framework; path = System/Library/Frameworks/Foundation.framework; sourceTree = SDKROOT; };
		F532ED2F1D9A1327006B1C81 /* UIKit.framework */ = {isa = PBXFileReference; lastKnownFileType = wrapper.framework; name = UIKit.framework; path = System/Library/Frameworks/UIKit.framework; sourceTree = SDKROOT; };
		F53342051D77BC9D00E375E4 /* ZPClassificationViewModel.h */ = {isa = PBXFileReference; fileEncoding = 4; lastKnownFileType = sourcecode.c.h; path = ZPClassificationViewModel.h; sourceTree = "<group>"; };
		F53342061D77BC9D00E375E4 /* ZPClassificationViewModel.m */ = {isa = PBXFileReference; fileEncoding = 4; lastKnownFileType = sourcecode.c.objc; path = ZPClassificationViewModel.m; sourceTree = "<group>"; };
		F53342081D77C65700E375E4 /* ZPLoginViewModel.h */ = {isa = PBXFileReference; fileEncoding = 4; lastKnownFileType = sourcecode.c.h; path = ZPLoginViewModel.h; sourceTree = "<group>"; };
		F53342091D77C65700E375E4 /* ZPLoginViewModel.m */ = {isa = PBXFileReference; fileEncoding = 4; lastKnownFileType = sourcecode.c.objc; path = ZPLoginViewModel.m; sourceTree = "<group>"; };
		F533420B1D77CA3D00E375E4 /* UserInfo.h */ = {isa = PBXFileReference; fileEncoding = 4; lastKnownFileType = sourcecode.c.h; path = UserInfo.h; sourceTree = "<group>"; };
		F533420C1D77CA3D00E375E4 /* UserInfo.m */ = {isa = PBXFileReference; fileEncoding = 4; lastKnownFileType = sourcecode.c.objc; path = UserInfo.m; sourceTree = "<group>"; };
		F533420E1D77CE9B00E375E4 /* ZPPersonalInfoViewController.h */ = {isa = PBXFileReference; fileEncoding = 4; lastKnownFileType = sourcecode.c.h; path = ZPPersonalInfoViewController.h; sourceTree = "<group>"; };
		F533420F1D77CE9B00E375E4 /* ZPPersonalInfoViewController.m */ = {isa = PBXFileReference; fileEncoding = 4; lastKnownFileType = sourcecode.c.objc; path = ZPPersonalInfoViewController.m; sourceTree = "<group>"; };
		F53342121D77DB4600E375E4 /* ZPTopIconInfoTableViewCell.h */ = {isa = PBXFileReference; fileEncoding = 4; lastKnownFileType = sourcecode.c.h; path = ZPTopIconInfoTableViewCell.h; sourceTree = "<group>"; };
		F53342131D77DB4600E375E4 /* ZPTopIconInfoTableViewCell.m */ = {isa = PBXFileReference; fileEncoding = 4; lastKnownFileType = sourcecode.c.objc; path = ZPTopIconInfoTableViewCell.m; sourceTree = "<group>"; };
		F53342141D77DB4600E375E4 /* ZPTopIconInfoTableViewCell.xib */ = {isa = PBXFileReference; fileEncoding = 4; lastKnownFileType = file.xib; path = ZPTopIconInfoTableViewCell.xib; sourceTree = "<group>"; };
		F5372FB21D9B692300756043 /* ZPOrderDetailInfoViewController.h */ = {isa = PBXFileReference; fileEncoding = 4; lastKnownFileType = sourcecode.c.h; path = ZPOrderDetailInfoViewController.h; sourceTree = "<group>"; };
		F5372FB31D9B692300756043 /* ZPOrderDetailInfoViewController.m */ = {isa = PBXFileReference; fileEncoding = 4; lastKnownFileType = sourcecode.c.objc; path = ZPOrderDetailInfoViewController.m; sourceTree = "<group>"; };
		F53AB7E01DA9CAF300AE9CFA /* statisticsFooterView.xib */ = {isa = PBXFileReference; fileEncoding = 4; lastKnownFileType = file.xib; path = statisticsFooterView.xib; sourceTree = "<group>"; };
		F53AB7E21DA9CCCE00AE9CFA /* ZPstatisticsFooterView.h */ = {isa = PBXFileReference; fileEncoding = 4; lastKnownFileType = sourcecode.c.h; path = ZPstatisticsFooterView.h; sourceTree = "<group>"; };
		F53AB7E31DA9CCCE00AE9CFA /* ZPstatisticsFooterView.m */ = {isa = PBXFileReference; fileEncoding = 4; lastKnownFileType = sourcecode.c.objc; path = ZPstatisticsFooterView.m; sourceTree = "<group>"; };
		F53AB7E51DA9D3E100AE9CFA /* ZPShoppingCartViewModel.h */ = {isa = PBXFileReference; fileEncoding = 4; lastKnownFileType = sourcecode.c.h; path = ZPShoppingCartViewModel.h; sourceTree = "<group>"; };
		F53AB7E61DA9D3E100AE9CFA /* ZPShoppingCartViewModel.m */ = {isa = PBXFileReference; fileEncoding = 4; lastKnownFileType = sourcecode.c.objc; path = ZPShoppingCartViewModel.m; sourceTree = "<group>"; };
		F53BC1931D824E6100EACF90 /* ZPResetPassWordViewModel.h */ = {isa = PBXFileReference; fileEncoding = 4; lastKnownFileType = sourcecode.c.h; path = ZPResetPassWordViewModel.h; sourceTree = "<group>"; };
		F53BC1941D824E6100EACF90 /* ZPResetPassWordViewModel.m */ = {isa = PBXFileReference; fileEncoding = 4; lastKnownFileType = sourcecode.c.objc; path = ZPResetPassWordViewModel.m; sourceTree = "<group>"; };
		F53BC1961D82600900EACF90 /* ZPGoodsListViewController.h */ = {isa = PBXFileReference; fileEncoding = 4; lastKnownFileType = sourcecode.c.h; path = ZPGoodsListViewController.h; sourceTree = "<group>"; };
		F53BC1971D82600900EACF90 /* ZPGoodsListViewController.m */ = {isa = PBXFileReference; fileEncoding = 4; lastKnownFileType = sourcecode.c.objc; path = ZPGoodsListViewController.m; sourceTree = "<group>"; };
		F53BC1991D8289FC00EACF90 /* GoodsList.h */ = {isa = PBXFileReference; fileEncoding = 4; lastKnownFileType = sourcecode.c.h; path = GoodsList.h; sourceTree = "<group>"; };
		F53BC19A1D8289FC00EACF90 /* GoodsList.m */ = {isa = PBXFileReference; fileEncoding = 4; lastKnownFileType = sourcecode.c.objc; path = GoodsList.m; sourceTree = "<group>"; };
		F53BC19C1D8290F000EACF90 /* ZPGoodsListTableViewCell.h */ = {isa = PBXFileReference; fileEncoding = 4; lastKnownFileType = sourcecode.c.h; path = ZPGoodsListTableViewCell.h; sourceTree = "<group>"; };
		F53BC19D1D8290F000EACF90 /* ZPGoodsListTableViewCell.m */ = {isa = PBXFileReference; fileEncoding = 4; lastKnownFileType = sourcecode.c.objc; path = ZPGoodsListTableViewCell.m; sourceTree = "<group>"; };
		F53BC19E1D8290F000EACF90 /* ZPGoodsListTableViewCell.xib */ = {isa = PBXFileReference; fileEncoding = 4; lastKnownFileType = file.xib; path = ZPGoodsListTableViewCell.xib; sourceTree = "<group>"; };
		F53BC1A11D82A83D00EACF90 /* ZPGoodsListHeadView.h */ = {isa = PBXFileReference; fileEncoding = 4; lastKnownFileType = sourcecode.c.h; path = ZPGoodsListHeadView.h; sourceTree = "<group>"; };
		F53BC1A21D82A83D00EACF90 /* ZPGoodsListHeadView.m */ = {isa = PBXFileReference; fileEncoding = 4; lastKnownFileType = sourcecode.c.objc; path = ZPGoodsListHeadView.m; sourceTree = "<group>"; };
		F53BC1A41D82A85500EACF90 /* ZPGoodsListHeadView.xib */ = {isa = PBXFileReference; fileEncoding = 4; lastKnownFileType = file.xib; path = ZPGoodsListHeadView.xib; sourceTree = "<group>"; };
		F53BC1A61D82B40200EACF90 /* GoodsInfo.h */ = {isa = PBXFileReference; fileEncoding = 4; lastKnownFileType = sourcecode.c.h; path = GoodsInfo.h; sourceTree = "<group>"; };
		F53BC1A71D82B40200EACF90 /* GoodsInfo.m */ = {isa = PBXFileReference; fileEncoding = 4; lastKnownFileType = sourcecode.c.objc; path = GoodsInfo.m; sourceTree = "<group>"; };
		F53BC1A91D82B40E00EACF90 /* GoodsDetail.h */ = {isa = PBXFileReference; fileEncoding = 4; lastKnownFileType = sourcecode.c.h; path = GoodsDetail.h; sourceTree = "<group>"; };
		F53BC1AA1D82B40E00EACF90 /* GoodsDetail.m */ = {isa = PBXFileReference; fileEncoding = 4; lastKnownFileType = sourcecode.c.objc; path = GoodsDetail.m; sourceTree = "<group>"; };
		F53BC1AC1D82B5DD00EACF90 /* Color.h */ = {isa = PBXFileReference; fileEncoding = 4; lastKnownFileType = sourcecode.c.h; path = Color.h; sourceTree = "<group>"; };
		F53BC1AD1D82B5DD00EACF90 /* Color.m */ = {isa = PBXFileReference; fileEncoding = 4; lastKnownFileType = sourcecode.c.objc; path = Color.m; sourceTree = "<group>"; };
		F53BC1AF1D82B7BF00EACF90 /* Taimian.h */ = {isa = PBXFileReference; fileEncoding = 4; lastKnownFileType = sourcecode.c.h; path = Taimian.h; sourceTree = "<group>"; };
		F53BC1B01D82B7BF00EACF90 /* Taimian.m */ = {isa = PBXFileReference; fileEncoding = 4; lastKnownFileType = sourcecode.c.objc; path = Taimian.m; sourceTree = "<group>"; };
		F53BC1B21D82B86800EACF90 /* Door.h */ = {isa = PBXFileReference; fileEncoding = 4; lastKnownFileType = sourcecode.c.h; path = Door.h; sourceTree = "<group>"; };
		F53BC1B31D82B86800EACF90 /* Door.m */ = {isa = PBXFileReference; fileEncoding = 4; lastKnownFileType = sourcecode.c.objc; path = Door.m; sourceTree = "<group>"; };
		F53D35771D8F7B9000DA4FC8 /* ZPClassTitle.h */ = {isa = PBXFileReference; fileEncoding = 4; lastKnownFileType = sourcecode.c.h; path = ZPClassTitle.h; sourceTree = "<group>"; };
		F53D35781D8F7B9000DA4FC8 /* ZPClassTitle.m */ = {isa = PBXFileReference; fileEncoding = 4; lastKnownFileType = sourcecode.c.objc; path = ZPClassTitle.m; sourceTree = "<group>"; };
		F53D357B1D8F7F4500DA4FC8 /* ZPClassTitleCollectionViewCell.h */ = {isa = PBXFileReference; fileEncoding = 4; lastKnownFileType = sourcecode.c.h; path = ZPClassTitleCollectionViewCell.h; sourceTree = "<group>"; };
		F53D357C1D8F7F4500DA4FC8 /* ZPClassTitleCollectionViewCell.m */ = {isa = PBXFileReference; fileEncoding = 4; lastKnownFileType = sourcecode.c.objc; path = ZPClassTitleCollectionViewCell.m; sourceTree = "<group>"; };
		F53D357D1D8F7F4500DA4FC8 /* ZPClassTitleCollectionViewCell.xib */ = {isa = PBXFileReference; fileEncoding = 4; lastKnownFileType = file.xib; path = ZPClassTitleCollectionViewCell.xib; sourceTree = "<group>"; };
		F5788B451D7430E3009A4734 /* BannerGoods.h */ = {isa = PBXFileReference; fileEncoding = 4; lastKnownFileType = sourcecode.c.h; path = BannerGoods.h; sourceTree = "<group>"; };
		F5788B461D7430E3009A4734 /* BannerGoods.m */ = {isa = PBXFileReference; fileEncoding = 4; lastKnownFileType = sourcecode.c.objc; path = BannerGoods.m; sourceTree = "<group>"; };
		F5AB55721D87AAD000D6F959 /* ZPProductDetailsCommentsTableViewCell.h */ = {isa = PBXFileReference; fileEncoding = 4; lastKnownFileType = sourcecode.c.h; path = ZPProductDetailsCommentsTableViewCell.h; sourceTree = "<group>"; };
		F5AB55731D87AAD000D6F959 /* ZPProductDetailsCommentsTableViewCell.m */ = {isa = PBXFileReference; fileEncoding = 4; lastKnownFileType = sourcecode.c.objc; path = ZPProductDetailsCommentsTableViewCell.m; sourceTree = "<group>"; };
		F5AB55741D87AAD000D6F959 /* ZPProductDetailsCommentsTableViewCell.xib */ = {isa = PBXFileReference; fileEncoding = 4; lastKnownFileType = file.xib; path = ZPProductDetailsCommentsTableViewCell.xib; sourceTree = "<group>"; };
		F5D957A61D93BB8A0027AF0E /* ZPAddAddressTableViewCell.h */ = {isa = PBXFileReference; fileEncoding = 4; lastKnownFileType = sourcecode.c.h; path = ZPAddAddressTableViewCell.h; sourceTree = "<group>"; };
		F5D957A71D93BB8A0027AF0E /* ZPAddAddressTableViewCell.m */ = {isa = PBXFileReference; fileEncoding = 4; lastKnownFileType = sourcecode.c.objc; path = ZPAddAddressTableViewCell.m; sourceTree = "<group>"; };
		F5D957A91D93D6770027AF0E /* ZPChooseAddressCollectionViewCell.h */ = {isa = PBXFileReference; fileEncoding = 4; lastKnownFileType = sourcecode.c.h; path = ZPChooseAddressCollectionViewCell.h; sourceTree = "<group>"; };
		F5D957AA1D93D6770027AF0E /* ZPChooseAddressCollectionViewCell.m */ = {isa = PBXFileReference; fileEncoding = 4; lastKnownFileType = sourcecode.c.objc; path = ZPChooseAddressCollectionViewCell.m; sourceTree = "<group>"; };
		F5D957AB1D93D6770027AF0E /* ZPChooseAddressCollectionViewCell.xib */ = {isa = PBXFileReference; fileEncoding = 4; lastKnownFileType = file.xib; path = ZPChooseAddressCollectionViewCell.xib; sourceTree = "<group>"; };
		F5E7FE021D9E4E6200978249 /* ZPConfirmOrderInfoToPayViewController.h */ = {isa = PBXFileReference; fileEncoding = 4; lastKnownFileType = sourcecode.c.h; path = ZPConfirmOrderInfoToPayViewController.h; sourceTree = "<group>"; };
		F5E7FE031D9E4E6200978249 /* ZPConfirmOrderInfoToPayViewController.m */ = {isa = PBXFileReference; fileEncoding = 4; lastKnownFileType = sourcecode.c.objc; path = ZPConfirmOrderInfoToPayViewController.m; sourceTree = "<group>"; };
		F5FB38EB1D9CB2C60028B107 /* ZPChooseAddressView.h */ = {isa = PBXFileReference; fileEncoding = 4; lastKnownFileType = sourcecode.c.h; path = ZPChooseAddressView.h; sourceTree = "<group>"; };
		F5FB38EC1D9CB2C60028B107 /* ZPChooseAddressView.m */ = {isa = PBXFileReference; fileEncoding = 4; lastKnownFileType = sourcecode.c.objc; path = ZPChooseAddressView.m; sourceTree = "<group>"; };
		F5FB38EE1D9CB2CE0028B107 /* ZPChooseAddressView.xib */ = {isa = PBXFileReference; fileEncoding = 4; lastKnownFileType = file.xib; path = ZPChooseAddressView.xib; sourceTree = "<group>"; };
		F5FB38F01D9CC1270028B107 /* ZPChooseAddressTableViewCell.h */ = {isa = PBXFileReference; fileEncoding = 4; lastKnownFileType = sourcecode.c.h; path = ZPChooseAddressTableViewCell.h; sourceTree = "<group>"; };
		F5FB38F11D9CC1270028B107 /* ZPChooseAddressTableViewCell.m */ = {isa = PBXFileReference; fileEncoding = 4; lastKnownFileType = sourcecode.c.objc; path = ZPChooseAddressTableViewCell.m; sourceTree = "<group>"; };
		F5FB38F21D9CC1270028B107 /* ZPChooseAddressTableViewCell.xib */ = {isa = PBXFileReference; fileEncoding = 4; lastKnownFileType = file.xib; path = ZPChooseAddressTableViewCell.xib; sourceTree = "<group>"; };
		F5FB98F11D94C2370069A190 /* Address.plist */ = {isa = PBXFileReference; fileEncoding = 4; lastKnownFileType = text.plist.xml; path = Address.plist; sourceTree = "<group>"; };
		F5FCF6341D93AF8C006C6E0B /* ZPActivityHeaderView.h */ = {isa = PBXFileReference; fileEncoding = 4; lastKnownFileType = sourcecode.c.h; path = ZPActivityHeaderView.h; sourceTree = "<group>"; };
		F5FCF6351D93AF8C006C6E0B /* ZPActivityHeaderView.m */ = {isa = PBXFileReference; fileEncoding = 4; lastKnownFileType = sourcecode.c.objc; path = ZPActivityHeaderView.m; sourceTree = "<group>"; };
		F5FCF6371D93AF9F006C6E0B /* ZPActivityHeaderView.xib */ = {isa = PBXFileReference; fileEncoding = 4; lastKnownFileType = file.xib; path = ZPActivityHeaderView.xib; sourceTree = "<group>"; };
		F5FCF6391D93B6A3006C6E0B /* ZPAddressManagementViewController.h */ = {isa = PBXFileReference; fileEncoding = 4; lastKnownFileType = sourcecode.c.h; path = ZPAddressManagementViewController.h; sourceTree = "<group>"; };
		F5FCF63A1D93B6A3006C6E0B /* ZPAddressManagementViewController.m */ = {isa = PBXFileReference; fileEncoding = 4; lastKnownFileType = sourcecode.c.objc; path = ZPAddressManagementViewController.m; sourceTree = "<group>"; };
		F5FCF63C1D93B8EA006C6E0B /* ZPAddressInfoViewController.h */ = {isa = PBXFileReference; fileEncoding = 4; lastKnownFileType = sourcecode.c.h; path = ZPAddressInfoViewController.h; sourceTree = "<group>"; };
		F5FCF63D1D93B8EA006C6E0B /* ZPAddressInfoViewController.m */ = {isa = PBXFileReference; fileEncoding = 4; lastKnownFileType = sourcecode.c.objc; path = ZPAddressInfoViewController.m; sourceTree = "<group>"; };
		F5FD049F1D77F6B900B1E82D /* ZPPersonalInfoTableViewCell.h */ = {isa = PBXFileReference; fileEncoding = 4; lastKnownFileType = sourcecode.c.h; path = ZPPersonalInfoTableViewCell.h; sourceTree = "<group>"; };
		F5FD04A01D77F6B900B1E82D /* ZPPersonalInfoTableViewCell.m */ = {isa = PBXFileReference; fileEncoding = 4; lastKnownFileType = sourcecode.c.objc; path = ZPPersonalInfoTableViewCell.m; sourceTree = "<group>"; };
		F5FD04A11D77F6B900B1E82D /* ZPPersonalInfoTableViewCell.xib */ = {isa = PBXFileReference; fileEncoding = 4; lastKnownFileType = file.xib; path = ZPPersonalInfoTableViewCell.xib; sourceTree = "<group>"; };
		F5FD14E11DAB2C1E00E7A856 /* ZPOrderInfo.h */ = {isa = PBXFileReference; fileEncoding = 4; lastKnownFileType = sourcecode.c.h; path = ZPOrderInfo.h; sourceTree = "<group>"; };
		F5FD14E21DAB2C1E00E7A856 /* ZPOrderInfo.m */ = {isa = PBXFileReference; fileEncoding = 4; lastKnownFileType = sourcecode.c.objc; path = ZPOrderInfo.m; sourceTree = "<group>"; };
		F5FF17421D8650A9002C7F2C /* ZPGoodsDetailInfoViewController.h */ = {isa = PBXFileReference; fileEncoding = 4; lastKnownFileType = sourcecode.c.h; path = ZPGoodsDetailInfoViewController.h; sourceTree = "<group>"; };
		F5FF17431D8650A9002C7F2C /* ZPGoodsDetailInfoViewController.m */ = {isa = PBXFileReference; fileEncoding = 4; lastKnownFileType = sourcecode.c.objc; path = ZPGoodsDetailInfoViewController.m; sourceTree = "<group>"; };
		F5FFD05C1D90C37E00F45550 /* ZPClassificationDetailsCollectionViewCell.h */ = {isa = PBXFileReference; fileEncoding = 4; lastKnownFileType = sourcecode.c.h; path = ZPClassificationDetailsCollectionViewCell.h; sourceTree = "<group>"; };
		F5FFD05D1D90C37E00F45550 /* ZPClassificationDetailsCollectionViewCell.m */ = {isa = PBXFileReference; fileEncoding = 4; lastKnownFileType = sourcecode.c.objc; path = ZPClassificationDetailsCollectionViewCell.m; sourceTree = "<group>"; };
		F5FFD05E1D90C37E00F45550 /* ZPClassificationDetailsCollectionViewCell.xib */ = {isa = PBXFileReference; fileEncoding = 4; lastKnownFileType = file.xib; path = ZPClassificationDetailsCollectionViewCell.xib; sourceTree = "<group>"; };
		F5FFD0611D90C86C00F45550 /* ZPClassificationDetailsViewModel.h */ = {isa = PBXFileReference; fileEncoding = 4; lastKnownFileType = sourcecode.c.h; path = ZPClassificationDetailsViewModel.h; sourceTree = "<group>"; };
		F5FFD0621D90C86C00F45550 /* ZPClassificationDetailsViewModel.m */ = {isa = PBXFileReference; fileEncoding = 4; lastKnownFileType = sourcecode.c.objc; path = ZPClassificationDetailsViewModel.m; sourceTree = "<group>"; };
/* End PBXFileReference section */

/* Begin PBXFrameworksBuildPhase section */
		F50A82DB1D73D09300026F7F /* Frameworks */ = {
			isa = PBXFrameworksBuildPhase;
			buildActionMask = 2147483647;
			files = (
				F532ED301D9A1327006B1C81 /* UIKit.framework in Frameworks */,
				F532ED2E1D9A131D006B1C81 /* Foundation.framework in Frameworks */,
				F532ED2C1D9A130A006B1C81 /* CoreGraphics.framework in Frameworks */,
				A7930CD19A4D5A9CF3F5A04A /* libPods-ZPJawaMall.a in Frameworks */,
			);
			runOnlyForDeploymentPostprocessing = 0;
		};
		F50A82F71D73D09300026F7F /* Frameworks */ = {
			isa = PBXFrameworksBuildPhase;
			buildActionMask = 2147483647;
			files = (
			);
			runOnlyForDeploymentPostprocessing = 0;
		};
		F50A83021D73D09300026F7F /* Frameworks */ = {
			isa = PBXFrameworksBuildPhase;
			buildActionMask = 2147483647;
			files = (
			);
			runOnlyForDeploymentPostprocessing = 0;
		};
/* End PBXFrameworksBuildPhase section */

/* Begin PBXGroup section */
		7CD4610BEEB5F598D138FD92 /* Frameworks */ = {
			isa = PBXGroup;
			children = (
				F532ED2F1D9A1327006B1C81 /* UIKit.framework */,
				F532ED2D1D9A131D006B1C81 /* Foundation.framework */,
				F532ED2B1D9A130A006B1C81 /* CoreGraphics.framework */,
				4AFC0EA83CAF05A28F9E1021 /* libPods-ZPJawaMall.a */,
			);
			name = Frameworks;
			sourceTree = "<group>";
		};
		C446247E586F313D095008AD /* Pods */ = {
			isa = PBXGroup;
			children = (
				119F2464893C9FD5EA6CDC81 /* Pods-ZPJawaMall.debug.xcconfig */,
				C7DE15E3D6E3FABA6B6AC0EE /* Pods-ZPJawaMall.release.xcconfig */,
			);
			name = Pods;
			sourceTree = "<group>";
		};
		F5026CAA1D76C907001B3E44 /* HeadView */ = {
			isa = PBXGroup;
			children = (
				F5026CB11D76CA83001B3E44 /* ZPHomePageGoodsHeadView.h */,
				F5026CB21D76CA83001B3E44 /* ZPHomePageGoodsHeadView.m */,
				F5026CB41D76CC7A001B3E44 /* ZPHomePageGoodsHeadView.xib */,
				F53BC1A11D82A83D00EACF90 /* ZPGoodsListHeadView.h */,
				F53BC1A21D82A83D00EACF90 /* ZPGoodsListHeadView.m */,
				F53BC1A41D82A85500EACF90 /* ZPGoodsListHeadView.xib */,
			);
			name = HeadView;
			sourceTree = "<group>";
		};
		F50551B31D7534D700271E72 /* HomeGoodsCell */ = {
			isa = PBXGroup;
			children = (
				F50D9FE01D74356D00F0B354 /* BannerTableViewCell.h */,
				F50D9FE11D74356D00F0B354 /* BannerTableViewCell.m */,
				F50551A21D7525E700271E72 /* BannerTableViewCell.xib */,
				F50551AE1D75346100271E72 /* HomeGoodsTableViewCell.h */,
				F50551AF1D75346100271E72 /* HomeGoodsTableViewCell.m */,
				F50551B01D75346100271E72 /* HomeGoodsTableViewCell.xib */,
				F50551A91D75332200271E72 /* HomeGoodsCollectionViewCell.h */,
				F50551AA1D75332200271E72 /* HomeGoodsCollectionViewCell.m */,
				F53BC19C1D8290F000EACF90 /* ZPGoodsListTableViewCell.h */,
				F53BC19D1D8290F000EACF90 /* ZPGoodsListTableViewCell.m */,
				F53BC19E1D8290F000EACF90 /* ZPGoodsListTableViewCell.xib */,
				F5069A8B1D86889B00C25787 /* ZPPriceDetailTableViewCell.h */,
				F5069A8C1D86889B00C25787 /* ZPPriceDetailTableViewCell.m */,
				F5069A8D1D86889B00C25787 /* ZPPriceDetailTableViewCell.xib */,
				F5069A901D8691A600C25787 /* ZPSpecificationsTableViewCell.h */,
				F5069A911D8691A600C25787 /* ZPSpecificationsTableViewCell.m */,
				F5069A921D8691A600C25787 /* ZPSpecificationsTableViewCell.xib */,
				F5069A981D8697F400C25787 /* ZPColorChooseTableViewCell.h */,
				F5069A991D8697F400C25787 /* ZPColorChooseTableViewCell.m */,
				F5069A9A1D8697F400C25787 /* ZPColorChooseTableViewCell.xib */,
				F5069A9D1D869C5000C25787 /* ZPColorChooseCollectionViewCell.h */,
				F5069A9E1D869C5000C25787 /* ZPColorChooseCollectionViewCell.m */,
				F5069A9F1D869C5000C25787 /* ZPColorChooseCollectionViewCell.xib */,
				F5AB55721D87AAD000D6F959 /* ZPProductDetailsCommentsTableViewCell.h */,
				F5AB55731D87AAD000D6F959 /* ZPProductDetailsCommentsTableViewCell.m */,
				F5AB55741D87AAD000D6F959 /* ZPProductDetailsCommentsTableViewCell.xib */,
				F5FB38F01D9CC1270028B107 /* ZPChooseAddressTableViewCell.h */,
				F5FB38F11D9CC1270028B107 /* ZPChooseAddressTableViewCell.m */,
				F5FB38F21D9CC1270028B107 /* ZPChooseAddressTableViewCell.xib */,
			);
			name = HomeGoodsCell;
			sourceTree = "<group>";
		};
		F505B5E01D7401CE007AFA5B /* Config */ = {
			isa = PBXGroup;
			children = (
				F505B5E11D740203007AFA5B /* PrefixHeader.pch */,
				F505B5E21D74032A007AFA5B /* Config.h */,
			);
			path = Config;
			sourceTree = "<group>";
		};
		F505B5E91D740FB8007AFA5B /* Common */ = {
			isa = PBXGroup;
			children = (
				F5006CC11DAA1634004AD3E1 /* PurchaseCarAnimationTool.h */,
				F5006CC21DAA1634004AD3E1 /* PurchaseCarAnimationTool.m */,
				F5FC43761D791E6F00BD109D /* DLRadioButton */,
				F505B5EA1D740FDC007AFA5B /* TopBarView.h */,
				F505B5EB1D740FDC007AFA5B /* TopBarView.m */,
				F505B5ED1D740FF0007AFA5B /* TopBarView.xib */,
			);
			path = Common;
			sourceTree = "<group>";
		};
		F505B5F21D741C52007AFA5B /* ClassificationVC */ = {
			isa = PBXGroup;
			children = (
				F505B5F31D741C52007AFA5B /* ZPClassificationViewController.h */,
				F505B5F41D741C52007AFA5B /* ZPClassificationViewController.m */,
				F53D357A1D8F7F1800DA4FC8 /* ViewCell */,
			);
			path = ClassificationVC;
			sourceTree = "<group>";
		};
		F505B5F51D741C52007AFA5B /* HomePageVC */ = {
			isa = PBXGroup;
			children = (
				F505B5F61D741C52007AFA5B /* ZPJawaHomepageViewController.h */,
				F505B5F71D741C52007AFA5B /* ZPJawaHomepageViewController.m */,
				F53BC1961D82600900EACF90 /* ZPGoodsListViewController.h */,
				F53BC1971D82600900EACF90 /* ZPGoodsListViewController.m */,
				F5FF17421D8650A9002C7F2C /* ZPGoodsDetailInfoViewController.h */,
				F5FF17431D8650A9002C7F2C /* ZPGoodsDetailInfoViewController.m */,
				F5372FB21D9B692300756043 /* ZPOrderDetailInfoViewController.h */,
				F5372FB31D9B692300756043 /* ZPOrderDetailInfoViewController.m */,
				F5E7FE021D9E4E6200978249 /* ZPConfirmOrderInfoToPayViewController.h */,
				F5E7FE031D9E4E6200978249 /* ZPConfirmOrderInfoToPayViewController.m */,
				F5FB38EA1D9CB2770028B107 /* View */,
				F50551B31D7534D700271E72 /* HomeGoodsCell */,
			);
			path = HomePageVC;
			sourceTree = "<group>";
		};
		F505B5F81D741C52007AFA5B /* PersonalCenterVC */ = {
			isa = PBXGroup;
			children = (
				F505B5FC1D741C77007AFA5B /* ZPPersonalCenterViewController.h */,
				F505B5FD1D741C77007AFA5B /* ZPPersonalCenterViewController.m */,
				F533420E1D77CE9B00E375E4 /* ZPPersonalInfoViewController.h */,
				F533420F1D77CE9B00E375E4 /* ZPPersonalInfoViewController.m */,
				F5FCF6391D93B6A3006C6E0B /* ZPAddressManagementViewController.h */,
				F5FCF63A1D93B6A3006C6E0B /* ZPAddressManagementViewController.m */,
				F5FCF63C1D93B8EA006C6E0B /* ZPAddressInfoViewController.h */,
				F5FCF63D1D93B8EA006C6E0B /* ZPAddressInfoViewController.m */,
				F50697D21D937E450059DE8A /* ZPUserOrderViewController.h */,
				F50697D31D937E450059DE8A /* ZPUserOrderViewController.m */,
				F50697D51D9387F00059DE8A /* ZPZPActivityViewController.h */,
				F50697D61D9387F00059DE8A /* ZPZPActivityViewController.m */,
				F53342111D77DB0900E375E4 /* PersonalInfoCell */,
			);
			path = PersonalCenterVC;
			sourceTree = "<group>";
		};
		F505B5F91D741C52007AFA5B /* ShopingCenterVC */ = {
			isa = PBXGroup;
			children = (
				F505B5FF1D741C84007AFA5B /* ZPShopingCenterViewController.h */,
				F505B6001D741C84007AFA5B /* ZPShopingCenterViewController.m */,
				F53AB7DF1DA9CA9700AE9CFA /* View */,
			);
			path = ShopingCenterVC;
			sourceTree = "<group>";
		};
		F50A82D51D73D09300026F7F = {
			isa = PBXGroup;
			children = (
				F50A82E01D73D09300026F7F /* ZPJawaMall */,
				F50A82FD1D73D09300026F7F /* ZPJawaMallTests */,
				F50A83081D73D09300026F7F /* ZPJawaMallUITests */,
				F50A82DF1D73D09300026F7F /* Products */,
				C446247E586F313D095008AD /* Pods */,
				7CD4610BEEB5F598D138FD92 /* Frameworks */,
			);
			sourceTree = "<group>";
		};
		F50A82DF1D73D09300026F7F /* Products */ = {
			isa = PBXGroup;
			children = (
				F50A82DE1D73D09300026F7F /* ZPJawaMall.app */,
				F50A82FA1D73D09300026F7F /* ZPJawaMallTests.xctest */,
				F50A83051D73D09300026F7F /* ZPJawaMallUITests.xctest */,
			);
			name = Products;
			sourceTree = "<group>";
		};
		F50A82E01D73D09300026F7F /* ZPJawaMall */ = {
			isa = PBXGroup;
			children = (
				F50A82E41D73D09300026F7F /* AppDelegate.h */,
				F50A82E51D73D09300026F7F /* AppDelegate.m */,
				F505B5E91D740FB8007AFA5B /* Common */,
				F505B5E01D7401CE007AFA5B /* Config */,
				F50A83171D73E92E00026F7F /* MVVM */,
				F50A82EA1D73D09300026F7F /* Main.storyboard */,
				F50A82F01D73D09300026F7F /* Assets.xcassets */,
				F50A82F51D73D09300026F7F /* Info.plist */,
				F5FB98F11D94C2370069A190 /* Address.plist */,
				F50A82E11D73D09300026F7F /* Supporting Files */,
			);
			path = ZPJawaMall;
			sourceTree = "<group>";
		};
		F50A82E11D73D09300026F7F /* Supporting Files */ = {
			isa = PBXGroup;
			children = (
				F50A82E21D73D09300026F7F /* main.m */,
			);
			name = "Supporting Files";
			sourceTree = "<group>";
		};
		F50A82FD1D73D09300026F7F /* ZPJawaMallTests */ = {
			isa = PBXGroup;
			children = (
				F50A82FE1D73D09300026F7F /* ZPJawaMallTests.m */,
				F50A83001D73D09300026F7F /* Info.plist */,
			);
			path = ZPJawaMallTests;
			sourceTree = "<group>";
		};
		F50A83081D73D09300026F7F /* ZPJawaMallUITests */ = {
			isa = PBXGroup;
			children = (
				F50A83091D73D09300026F7F /* ZPJawaMallUITests.m */,
				F50A830B1D73D09300026F7F /* Info.plist */,
			);
			path = ZPJawaMallUITests;
			sourceTree = "<group>";
		};
		F50A83171D73E92E00026F7F /* MVVM */ = {
			isa = PBXGroup;
			children = (
				F50A83181D73E92E00026F7F /* Model */,
				F50A83191D73E92E00026F7F /* View */,
				F50A831A1D73E92E00026F7F /* ViewModel */,
			);
			path = MVVM;
			sourceTree = "<group>";
		};
		F50A83181D73E92E00026F7F /* Model */ = {
			isa = PBXGroup;
			children = (
				F5788B451D7430E3009A4734 /* BannerGoods.h */,
				F5788B461D7430E3009A4734 /* BannerGoods.m */,
				F5085E0D1D75681900E4766F /* HomePageGoods.h */,
				F5085E0E1D75681900E4766F /* HomePageGoods.m */,
				F533420B1D77CA3D00E375E4 /* UserInfo.h */,
				F533420C1D77CA3D00E375E4 /* UserInfo.m */,
				F53BC1991D8289FC00EACF90 /* GoodsList.h */,
				F53BC19A1D8289FC00EACF90 /* GoodsList.m */,
				F53BC1A61D82B40200EACF90 /* GoodsInfo.h */,
				F53BC1A71D82B40200EACF90 /* GoodsInfo.m */,
				F53BC1A91D82B40E00EACF90 /* GoodsDetail.h */,
				F53BC1AA1D82B40E00EACF90 /* GoodsDetail.m */,
				F53BC1AC1D82B5DD00EACF90 /* Color.h */,
				F53BC1AD1D82B5DD00EACF90 /* Color.m */,
				F53BC1AF1D82B7BF00EACF90 /* Taimian.h */,
				F53BC1B01D82B7BF00EACF90 /* Taimian.m */,
				F53BC1B21D82B86800EACF90 /* Door.h */,
				F53BC1B31D82B86800EACF90 /* Door.m */,
				F53D35771D8F7B9000DA4FC8 /* ZPClassTitle.h */,
				F53D35781D8F7B9000DA4FC8 /* ZPClassTitle.m */,
				F50697CF1D937AD70059DE8A /* Order.h */,
				F50697D01D937AD70059DE8A /* Order.m */,
				F50697DD1D938C6B0059DE8A /* ZPActivity.h */,
				F50697DE1D938C6B0059DE8A /* ZPActivity.m */,
				F5043BA01D98F037000D598F /* ZPAddress.h */,
				F5043BA11D98F037000D598F /* ZPAddress.m */,
				F503A8821D9BB8BB00EF9046 /* ZPStores.h */,
				F503A8831D9BB8BB00EF9046 /* ZPStores.m */,
				F503A8851D9BBF3200EF9046 /* ZPEmployees.h */,
				F503A8861D9BBF3200EF9046 /* ZPEmployees.m */,
				F5006CC41DAA1CC5004AD3E1 /* ZPShoppingCart.h */,
				F5006CC51DAA1CC5004AD3E1 /* ZPShoppingCart.m */,
				F5FD14E11DAB2C1E00E7A856 /* ZPOrderInfo.h */,
				F5FD14E21DAB2C1E00E7A856 /* ZPOrderInfo.m */,
				F50189D31DB6F9E10096A048 /* ZPGeneratePartsOrder.h */,
				F50189D41DB6F9E10096A048 /* ZPGeneratePartsOrder.m */,
				F50C14AE1DB7743600FA8C9F /* ZPPicInfo.h */,
				F50C14AF1DB7743600FA8C9F /* ZPPicInfo.m */,
			);
			path = Model;
			sourceTree = "<group>";
		};
		F50A83191D73E92E00026F7F /* View */ = {
			isa = PBXGroup;
			children = (
				F505B5E31D740856007AFA5B /* BassViewController.h */,
				F505B5E41D740856007AFA5B /* BassViewController.m */,
				F505B5F51D741C52007AFA5B /* HomePageVC */,
				F505B5F21D741C52007AFA5B /* ClassificationVC */,
				F505B5F81D741C52007AFA5B /* PersonalCenterVC */,
				F505B5F91D741C52007AFA5B /* ShopingCenterVC */,
			);
			path = View;
			sourceTree = "<group>";
		};
		F50A831A1D73E92E00026F7F /* ViewModel */ = {
			isa = PBXGroup;
			children = (
				F505B5DD1D74016C007AFA5B /* ViewModelClass.h */,
				F505B5DE1D74016C007AFA5B /* ViewModelClass.m */,
				F505B6021D7422FA007AFA5B /* ZPHomePageViewModel.h */,
				F505B6031D7422FA007AFA5B /* ZPHomePageViewModel.m */,
				F53342051D77BC9D00E375E4 /* ZPClassificationViewModel.h */,
				F53342061D77BC9D00E375E4 /* ZPClassificationViewModel.m */,
				F53342081D77C65700E375E4 /* ZPLoginViewModel.h */,
				F53342091D77C65700E375E4 /* ZPLoginViewModel.m */,
				F500EC9C1D795247007E4E2C /* ZPRegisterViewModel.h */,
				F500EC9D1D795247007E4E2C /* ZPRegisterViewModel.m */,
				F50697CC1D9379B30059DE8A /* ZPPersonViewModel.h */,
				F50697CD1D9379B30059DE8A /* ZPPersonViewModel.m */,
				F500EC9F1D7974E4007E4E2C /* ZPSendIdentifyCodeViewModel.h */,
				F500ECA01D7974E4007E4E2C /* ZPSendIdentifyCodeViewModel.m */,
				F53BC1931D824E6100EACF90 /* ZPResetPassWordViewModel.h */,
				F53BC1941D824E6100EACF90 /* ZPResetPassWordViewModel.m */,
				F5FFD0611D90C86C00F45550 /* ZPClassificationDetailsViewModel.h */,
				F5FFD0621D90C86C00F45550 /* ZPClassificationDetailsViewModel.m */,
				F503A87C1D9BAE7F00EF9046 /* ZPStoreInfoViewModel.h */,
				F503A87D1D9BAE7F00EF9046 /* ZPStoreInfoViewModel.m */,
				F53AB7E51DA9D3E100AE9CFA /* ZPShoppingCartViewModel.h */,
				F53AB7E61DA9D3E100AE9CFA /* ZPShoppingCartViewModel.m */,
			);
			path = ViewModel;
			sourceTree = "<group>";
		};
		F53342111D77DB0900E375E4 /* PersonalInfoCell */ = {
			isa = PBXGroup;
			children = (
				F53342121D77DB4600E375E4 /* ZPTopIconInfoTableViewCell.h */,
				F53342131D77DB4600E375E4 /* ZPTopIconInfoTableViewCell.m */,
				F53342141D77DB4600E375E4 /* ZPTopIconInfoTableViewCell.xib */,
				F5FD049F1D77F6B900B1E82D /* ZPPersonalInfoTableViewCell.h */,
				F5FD04A01D77F6B900B1E82D /* ZPPersonalInfoTableViewCell.m */,
				F5FD04A11D77F6B900B1E82D /* ZPPersonalInfoTableViewCell.xib */,
				F50697D81D9389660059DE8A /* ZPActivityTableViewCell.h */,
				F50697D91D9389660059DE8A /* ZPActivityTableViewCell.m */,
				F50697DA1D9389660059DE8A /* ZPActivityTableViewCell.xib */,
				F5FCF6341D93AF8C006C6E0B /* ZPActivityHeaderView.h */,
				F5FCF6351D93AF8C006C6E0B /* ZPActivityHeaderView.m */,
				F5FCF6371D93AF9F006C6E0B /* ZPActivityHeaderView.xib */,
				F5D957A61D93BB8A0027AF0E /* ZPAddAddressTableViewCell.h */,
				F5D957A71D93BB8A0027AF0E /* ZPAddAddressTableViewCell.m */,
				F5043BA31D98F79E000D598F /* ZPAddressDetailInfoTableViewCell.h */,
				F5043BA41D98F79E000D598F /* ZPAddressDetailInfoTableViewCell.m */,
				F5D957A91D93D6770027AF0E /* ZPChooseAddressCollectionViewCell.h */,
				F5D957AA1D93D6770027AF0E /* ZPChooseAddressCollectionViewCell.m */,
				F5D957AB1D93D6770027AF0E /* ZPChooseAddressCollectionViewCell.xib */,
			);
			name = PersonalInfoCell;
			sourceTree = "<group>";
		};
		F53AB7DF1DA9CA9700AE9CFA /* View */ = {
			isa = PBXGroup;
			children = (
				F53AB7E21DA9CCCE00AE9CFA /* ZPstatisticsFooterView.h */,
				F53AB7E31DA9CCCE00AE9CFA /* ZPstatisticsFooterView.m */,
				F53AB7E01DA9CAF300AE9CFA /* statisticsFooterView.xib */,
			);
			name = View;
			sourceTree = "<group>";
		};
		F53D357A1D8F7F1800DA4FC8 /* ViewCell */ = {
			isa = PBXGroup;
			children = (
				F53D357B1D8F7F4500DA4FC8 /* ZPClassTitleCollectionViewCell.h */,
				F53D357C1D8F7F4500DA4FC8 /* ZPClassTitleCollectionViewCell.m */,
				F53D357D1D8F7F4500DA4FC8 /* ZPClassTitleCollectionViewCell.xib */,
				F5FFD05C1D90C37E00F45550 /* ZPClassificationDetailsCollectionViewCell.h */,
				F5FFD05D1D90C37E00F45550 /* ZPClassificationDetailsCollectionViewCell.m */,
				F5FFD05E1D90C37E00F45550 /* ZPClassificationDetailsCollectionViewCell.xib */,
			);
			name = ViewCell;
			sourceTree = "<group>";
		};
		F5FB38EA1D9CB2770028B107 /* View */ = {
			isa = PBXGroup;
			children = (
				F503A8771D9BA82D00EF9046 /* ZPStoresInfoView.h */,
				F503A8781D9BA82D00EF9046 /* ZPStoresInfoView.m */,
				F503A87A1D9BA85400EF9046 /* ZPStoresInfoView.xib */,
				F5FB38EB1D9CB2C60028B107 /* ZPChooseAddressView.h */,
				F5FB38EC1D9CB2C60028B107 /* ZPChooseAddressView.m */,
				F5FB38EE1D9CB2CE0028B107 /* ZPChooseAddressView.xib */,
				F5026CAA1D76C907001B3E44 /* HeadView */,
			);
			name = View;
			sourceTree = "<group>";
		};
		F5FC43761D791E6F00BD109D /* DLRadioButton */ = {
			isa = PBXGroup;
			children = (
				F532ED291D9A129A006B1C81 /* DLRadioButton.framework */,
			);
			path = DLRadioButton;
			sourceTree = "<group>";
		};
/* End PBXGroup section */

/* Begin PBXNativeTarget section */
		F50A82DD1D73D09300026F7F /* ZPJawaMall */ = {
			isa = PBXNativeTarget;
			buildConfigurationList = F50A830E1D73D09300026F7F /* Build configuration list for PBXNativeTarget "ZPJawaMall" */;
			buildPhases = (
				730E784691ECCED1550D6043 /* [CP] Check Pods Manifest.lock */,
				F50A82DA1D73D09300026F7F /* Sources */,
				F50A82DB1D73D09300026F7F /* Frameworks */,
				F50A82DC1D73D09300026F7F /* Resources */,
				A973C211964E1B91C031D6B6 /* [CP] Embed Pods Frameworks */,
				1041F56071E5E91DF866BA44 /* [CP] Copy Pods Resources */,
				F532ED361D9A138D006B1C81 /* Embed Frameworks */,
			);
			buildRules = (
			);
			dependencies = (
			);
			name = ZPJawaMall;
			productName = ZPJawaMall;
			productReference = F50A82DE1D73D09300026F7F /* ZPJawaMall.app */;
			productType = "com.apple.product-type.application";
		};
		F50A82F91D73D09300026F7F /* ZPJawaMallTests */ = {
			isa = PBXNativeTarget;
			buildConfigurationList = F50A83111D73D09300026F7F /* Build configuration list for PBXNativeTarget "ZPJawaMallTests" */;
			buildPhases = (
				F50A82F61D73D09300026F7F /* Sources */,
				F50A82F71D73D09300026F7F /* Frameworks */,
				F50A82F81D73D09300026F7F /* Resources */,
			);
			buildRules = (
			);
			dependencies = (
				F50A82FC1D73D09300026F7F /* PBXTargetDependency */,
			);
			name = ZPJawaMallTests;
			productName = ZPJawaMallTests;
			productReference = F50A82FA1D73D09300026F7F /* ZPJawaMallTests.xctest */;
			productType = "com.apple.product-type.bundle.unit-test";
		};
		F50A83041D73D09300026F7F /* ZPJawaMallUITests */ = {
			isa = PBXNativeTarget;
			buildConfigurationList = F50A83141D73D09300026F7F /* Build configuration list for PBXNativeTarget "ZPJawaMallUITests" */;
			buildPhases = (
				F50A83011D73D09300026F7F /* Sources */,
				F50A83021D73D09300026F7F /* Frameworks */,
				F50A83031D73D09300026F7F /* Resources */,
			);
			buildRules = (
			);
			dependencies = (
				F50A83071D73D09300026F7F /* PBXTargetDependency */,
			);
			name = ZPJawaMallUITests;
			productName = ZPJawaMallUITests;
			productReference = F50A83051D73D09300026F7F /* ZPJawaMallUITests.xctest */;
			productType = "com.apple.product-type.bundle.ui-testing";
		};
/* End PBXNativeTarget section */

/* Begin PBXProject section */
		F50A82D61D73D09300026F7F /* Project object */ = {
			isa = PBXProject;
			attributes = {
				CLASSPREFIX = ZP;
				LastUpgradeCheck = 0730;
				ORGANIZATIONNAME = "朱鹏";
				TargetAttributes = {
					F50A82DD1D73D09300026F7F = {
						CreatedOnToolsVersion = 7.3.1;
						DevelopmentTeam = DLE647QM82;
					};
					F50A82F91D73D09300026F7F = {
						CreatedOnToolsVersion = 7.3.1;
						TestTargetID = F50A82DD1D73D09300026F7F;
					};
					F50A83041D73D09300026F7F = {
						CreatedOnToolsVersion = 7.3.1;
						TestTargetID = F50A82DD1D73D09300026F7F;
					};
				};
			};
			buildConfigurationList = F50A82D91D73D09300026F7F /* Build configuration list for PBXProject "ZPJawaMall" */;
			compatibilityVersion = "Xcode 3.2";
			developmentRegion = English;
			hasScannedForEncodings = 0;
			knownRegions = (
				en,
				Base,
			);
			mainGroup = F50A82D51D73D09300026F7F;
			productRefGroup = F50A82DF1D73D09300026F7F /* Products */;
			projectDirPath = "";
			projectRoot = "";
			targets = (
				F50A82DD1D73D09300026F7F /* ZPJawaMall */,
				F50A82F91D73D09300026F7F /* ZPJawaMallTests */,
				F50A83041D73D09300026F7F /* ZPJawaMallUITests */,
			);
		};
/* End PBXProject section */

/* Begin PBXResourcesBuildPhase section */
		F50A82DC1D73D09300026F7F /* Resources */ = {
			isa = PBXResourcesBuildPhase;
			buildActionMask = 2147483647;
			files = (
				F5FFD0601D90C37E00F45550 /* ZPClassificationDetailsCollectionViewCell.xib in Resources */,
				F5AB55761D87AAD000D6F959 /* ZPProductDetailsCommentsTableViewCell.xib in Resources */,
				F5069A8F1D86889B00C25787 /* ZPPriceDetailTableViewCell.xib in Resources */,
				F503A87B1D9BA85400EF9046 /* ZPStoresInfoView.xib in Resources */,
				F5069A9C1D8697F400C25787 /* ZPColorChooseTableViewCell.xib in Resources */,
				F53AB7E11DA9CAF300AE9CFA /* statisticsFooterView.xib in Resources */,
				F50697DC1D9389660059DE8A /* ZPActivityTableViewCell.xib in Resources */,
				F50A82F11D73D09300026F7F /* Assets.xcassets in Resources */,
				F5FB98F21D94C2370069A190 /* Address.plist in Resources */,
				F5FCF6381D93AF9F006C6E0B /* ZPActivityHeaderView.xib in Resources */,
				F50551B21D75346100271E72 /* HomeGoodsTableViewCell.xib in Resources */,
				F5FB38F41D9CC1270028B107 /* ZPChooseAddressTableViewCell.xib in Resources */,
				F5FB38EF1D9CB2CE0028B107 /* ZPChooseAddressView.xib in Resources */,
				F50551A31D7525E700271E72 /* BannerTableViewCell.xib in Resources */,
				F53342161D77DB4600E375E4 /* ZPTopIconInfoTableViewCell.xib in Resources */,
				F5069A941D8691A600C25787 /* ZPSpecificationsTableViewCell.xib in Resources */,
				F505B5EE1D740FF0007AFA5B /* TopBarView.xib in Resources */,
				F5FD04A31D77F6B900B1E82D /* ZPPersonalInfoTableViewCell.xib in Resources */,
				F5026CB51D76CC7A001B3E44 /* ZPHomePageGoodsHeadView.xib in Resources */,
				F5D957AD1D93D6770027AF0E /* ZPChooseAddressCollectionViewCell.xib in Resources */,
				F53BC1A51D82A85500EACF90 /* ZPGoodsListHeadView.xib in Resources */,
				F53D357F1D8F7F4500DA4FC8 /* ZPClassTitleCollectionViewCell.xib in Resources */,
				F5069AA11D869C5000C25787 /* ZPColorChooseCollectionViewCell.xib in Resources */,
				F53BC1A01D8290F000EACF90 /* ZPGoodsListTableViewCell.xib in Resources */,
				F50A82EC1D73D09300026F7F /* Main.storyboard in Resources */,
			);
			runOnlyForDeploymentPostprocessing = 0;
		};
		F50A82F81D73D09300026F7F /* Resources */ = {
			isa = PBXResourcesBuildPhase;
			buildActionMask = 2147483647;
			files = (
			);
			runOnlyForDeploymentPostprocessing = 0;
		};
		F50A83031D73D09300026F7F /* Resources */ = {
			isa = PBXResourcesBuildPhase;
			buildActionMask = 2147483647;
			files = (
			);
			runOnlyForDeploymentPostprocessing = 0;
		};
/* End PBXResourcesBuildPhase section */

/* Begin PBXShellScriptBuildPhase section */
		1041F56071E5E91DF866BA44 /* [CP] Copy Pods Resources */ = {
			isa = PBXShellScriptBuildPhase;
			buildActionMask = 2147483647;
			files = (
			);
			inputPaths = (
			);
			name = "[CP] Copy Pods Resources";
			outputPaths = (
			);
			runOnlyForDeploymentPostprocessing = 0;
			shellPath = /bin/sh;
			shellScript = "\"${SRCROOT}/Pods/Target Support Files/Pods-ZPJawaMall/Pods-ZPJawaMall-resources.sh\"\n";
			showEnvVarsInLog = 0;
		};
		730E784691ECCED1550D6043 /* [CP] Check Pods Manifest.lock */ = {
			isa = PBXShellScriptBuildPhase;
			buildActionMask = 2147483647;
			files = (
			);
			inputPaths = (
			);
			name = "[CP] Check Pods Manifest.lock";
			outputPaths = (
			);
			runOnlyForDeploymentPostprocessing = 0;
			shellPath = /bin/sh;
			shellScript = "diff \"${PODS_ROOT}/../Podfile.lock\" \"${PODS_ROOT}/Manifest.lock\" > /dev/null\nif [[ $? != 0 ]] ; then\n    cat << EOM\nerror: The sandbox is not in sync with the Podfile.lock. Run 'pod install' or update your CocoaPods installation.\nEOM\n    exit 1\nfi\n";
			showEnvVarsInLog = 0;
		};
		A973C211964E1B91C031D6B6 /* [CP] Embed Pods Frameworks */ = {
			isa = PBXShellScriptBuildPhase;
			buildActionMask = 2147483647;
			files = (
			);
			inputPaths = (
			);
			name = "[CP] Embed Pods Frameworks";
			outputPaths = (
			);
			runOnlyForDeploymentPostprocessing = 0;
			shellPath = /bin/sh;
			shellScript = "\"${SRCROOT}/Pods/Target Support Files/Pods-ZPJawaMall/Pods-ZPJawaMall-frameworks.sh\"\n";
			showEnvVarsInLog = 0;
		};
/* End PBXShellScriptBuildPhase section */

/* Begin PBXSourcesBuildPhase section */
		F50A82DA1D73D09300026F7F /* Sources */ = {
			isa = PBXSourcesBuildPhase;
			buildActionMask = 2147483647;
			files = (
				F50A82E61D73D09300026F7F /* AppDelegate.m in Sources */,
				F50697D71D9387F00059DE8A /* ZPZPActivityViewController.m in Sources */,
				F53BC1A31D82A83D00EACF90 /* ZPGoodsListHeadView.m in Sources */,
				F505B5DF1D74016C007AFA5B /* ViewModelClass.m in Sources */,
				F53BC19B1D8289FC00EACF90 /* GoodsList.m in Sources */,
				F505B6011D741C84007AFA5B /* ZPShopingCenterViewController.m in Sources */,
				F53AB7E71DA9D3E100AE9CFA /* ZPShoppingCartViewModel.m in Sources */,
				F5FFD05F1D90C37E00F45550 /* ZPClassificationDetailsCollectionViewCell.m in Sources */,
				F5D957A81D93BB8A0027AF0E /* ZPAddAddressTableViewCell.m in Sources */,
				F503A8841D9BB8BB00EF9046 /* ZPStores.m in Sources */,
				F500EC9E1D795247007E4E2C /* ZPRegisterViewModel.m in Sources */,
				F5FD04A21D77F6B900B1E82D /* ZPPersonalInfoTableViewCell.m in Sources */,
				F5026CB31D76CA83001B3E44 /* ZPHomePageGoodsHeadView.m in Sources */,
				F50697CE1D9379B30059DE8A /* ZPPersonViewModel.m in Sources */,
				F5FB38F31D9CC1270028B107 /* ZPChooseAddressTableViewCell.m in Sources */,
				F50697D41D937E450059DE8A /* ZPUserOrderViewController.m in Sources */,
				F5043BA51D98F79E000D598F /* ZPAddressDetailInfoTableViewCell.m in Sources */,
				F505B5FB1D741C52007AFA5B /* ZPJawaHomepageViewController.m in Sources */,
				F50697DF1D938C6B0059DE8A /* ZPActivity.m in Sources */,
				F505B5FA1D741C52007AFA5B /* ZPClassificationViewController.m in Sources */,
				F5FD14E31DAB2C1E00E7A856 /* ZPOrderInfo.m in Sources */,
				F53BC1B41D82B86800EACF90 /* Door.m in Sources */,
				F53D35791D8F7B9000DA4FC8 /* ZPClassTitle.m in Sources */,
				F505B5EC1D740FDC007AFA5B /* TopBarView.m in Sources */,
				F533420D1D77CA3D00E375E4 /* UserInfo.m in Sources */,
				F53342071D77BC9D00E375E4 /* ZPClassificationViewModel.m in Sources */,
				F50D9FE31D74356D00F0B354 /* BannerTableViewCell.m in Sources */,
				F50551B11D75346100271E72 /* HomeGoodsTableViewCell.m in Sources */,
				F503A87E1D9BAE7F00EF9046 /* ZPStoreInfoViewModel.m in Sources */,
				F500ECA11D7974E4007E4E2C /* ZPSendIdentifyCodeViewModel.m in Sources */,
				F503A8871D9BBF3200EF9046 /* ZPEmployees.m in Sources */,
				F53342151D77DB4600E375E4 /* ZPTopIconInfoTableViewCell.m in Sources */,
				F50C14B01DB7743600FA8C9F /* ZPPicInfo.m in Sources */,
				F5FCF6361D93AF8C006C6E0B /* ZPActivityHeaderView.m in Sources */,
				F5FCF63B1D93B6A3006C6E0B /* ZPAddressManagementViewController.m in Sources */,
				F53BC1951D824E6100EACF90 /* ZPResetPassWordViewModel.m in Sources */,
				F5FFD0631D90C86C00F45550 /* ZPClassificationDetailsViewModel.m in Sources */,
				F53BC1AE1D82B5DD00EACF90 /* Color.m in Sources */,
				F50697DB1D9389660059DE8A /* ZPActivityTableViewCell.m in Sources */,
				F5043BA21D98F037000D598F /* ZPAddress.m in Sources */,
				F53BC19F1D8290F000EACF90 /* ZPGoodsListTableViewCell.m in Sources */,
				F5372FB41D9B692300756043 /* ZPOrderDetailInfoViewController.m in Sources */,
				F50551AC1D75332200271E72 /* HomeGoodsCollectionViewCell.m in Sources */,
				F53AB7E41DA9CCCE00AE9CFA /* ZPstatisticsFooterView.m in Sources */,
				F5069A9B1D8697F400C25787 /* ZPColorChooseTableViewCell.m in Sources */,
				F53BC1A81D82B40200EACF90 /* GoodsInfo.m in Sources */,
				F50189D51DB6F9E10096A048 /* ZPGeneratePartsOrder.m in Sources */,
				F5006CC31DAA1634004AD3E1 /* PurchaseCarAnimationTool.m in Sources */,
				F50A82E31D73D09300026F7F /* main.m in Sources */,
				F505B6041D7422FA007AFA5B /* ZPHomePageViewModel.m in Sources */,
				F53BC1AB1D82B40E00EACF90 /* GoodsDetail.m in Sources */,
				F5FCF63E1D93B8EA006C6E0B /* ZPAddressInfoViewController.m in Sources */,
				F5069A8E1D86889B00C25787 /* ZPPriceDetailTableViewCell.m in Sources */,
				F533420A1D77C65700E375E4 /* ZPLoginViewModel.m in Sources */,
				F50697D11D937AD70059DE8A /* Order.m in Sources */,
				F5E7FE041D9E4E6200978249 /* ZPConfirmOrderInfoToPayViewController.m in Sources */,
				F53D357E1D8F7F4500DA4FC8 /* ZPClassTitleCollectionViewCell.m in Sources */,
				F53342101D77CE9B00E375E4 /* ZPPersonalInfoViewController.m in Sources */,
				F5FF17441D8650A9002C7F2C /* ZPGoodsDetailInfoViewController.m in Sources */,
				F503A8791D9BA82D00EF9046 /* ZPStoresInfoView.m in Sources */,
				F5006CC61DAA1CC5004AD3E1 /* ZPShoppingCart.m in Sources */,
				F5FB38ED1D9CB2C60028B107 /* ZPChooseAddressView.m in Sources */,
				F5085E0F1D75681900E4766F /* HomePageGoods.m in Sources */,
				F5D957AC1D93D6770027AF0E /* ZPChooseAddressCollectionViewCell.m in Sources */,
				F505B5E51D740856007AFA5B /* BassViewController.m in Sources */,
				F53BC1981D82600900EACF90 /* ZPGoodsListViewController.m in Sources */,
				F5069A931D8691A600C25787 /* ZPSpecificationsTableViewCell.m in Sources */,
				F5788B471D7430E3009A4734 /* BannerGoods.m in Sources */,
				F505B5FE1D741C77007AFA5B /* ZPPersonalCenterViewController.m in Sources */,
				F53BC1B11D82B7BF00EACF90 /* Taimian.m in Sources */,
				F5AB55751D87AAD000D6F959 /* ZPProductDetailsCommentsTableViewCell.m in Sources */,
				F5069AA01D869C5000C25787 /* ZPColorChooseCollectionViewCell.m in Sources */,
			);
			runOnlyForDeploymentPostprocessing = 0;
		};
		F50A82F61D73D09300026F7F /* Sources */ = {
			isa = PBXSourcesBuildPhase;
			buildActionMask = 2147483647;
			files = (
				F50A82FF1D73D09300026F7F /* ZPJawaMallTests.m in Sources */,
			);
			runOnlyForDeploymentPostprocessing = 0;
		};
		F50A83011D73D09300026F7F /* Sources */ = {
			isa = PBXSourcesBuildPhase;
			buildActionMask = 2147483647;
			files = (
				F50A830A1D73D09300026F7F /* ZPJawaMallUITests.m in Sources */,
			);
			runOnlyForDeploymentPostprocessing = 0;
		};
/* End PBXSourcesBuildPhase section */

/* Begin PBXTargetDependency section */
		F50A82FC1D73D09300026F7F /* PBXTargetDependency */ = {
			isa = PBXTargetDependency;
			target = F50A82DD1D73D09300026F7F /* ZPJawaMall */;
			targetProxy = F50A82FB1D73D09300026F7F /* PBXContainerItemProxy */;
		};
		F50A83071D73D09300026F7F /* PBXTargetDependency */ = {
			isa = PBXTargetDependency;
			target = F50A82DD1D73D09300026F7F /* ZPJawaMall */;
			targetProxy = F50A83061D73D09300026F7F /* PBXContainerItemProxy */;
		};
/* End PBXTargetDependency section */

/* Begin PBXVariantGroup section */
		F50A82EA1D73D09300026F7F /* Main.storyboard */ = {
			isa = PBXVariantGroup;
			children = (
				F50A82EB1D73D09300026F7F /* Base */,
			);
			name = Main.storyboard;
			sourceTree = "<group>";
		};
/* End PBXVariantGroup section */

/* Begin XCBuildConfiguration section */
		F50A830C1D73D09300026F7F /* Debug */ = {
			isa = XCBuildConfiguration;
			buildSettings = {
				ALWAYS_SEARCH_USER_PATHS = NO;
				CLANG_ANALYZER_NONNULL = YES;
				CLANG_CXX_LANGUAGE_STANDARD = "gnu++0x";
				CLANG_CXX_LIBRARY = "libc++";
				CLANG_ENABLE_MODULES = YES;
				CLANG_ENABLE_OBJC_ARC = YES;
				CLANG_WARN_BOOL_CONVERSION = YES;
				CLANG_WARN_CONSTANT_CONVERSION = YES;
				CLANG_WARN_DIRECT_OBJC_ISA_USAGE = YES_ERROR;
				CLANG_WARN_EMPTY_BODY = YES;
				CLANG_WARN_ENUM_CONVERSION = YES;
				CLANG_WARN_INT_CONVERSION = YES;
				CLANG_WARN_OBJC_ROOT_CLASS = YES_ERROR;
				CLANG_WARN_UNREACHABLE_CODE = YES;
				CLANG_WARN__DUPLICATE_METHOD_MATCH = YES;
				"CODE_SIGN_IDENTITY[sdk=iphoneos*]" = "iPhone Developer";
				COPY_PHASE_STRIP = NO;
				DEBUG_INFORMATION_FORMAT = dwarf;
				ENABLE_STRICT_OBJC_MSGSEND = YES;
				ENABLE_TESTABILITY = YES;
				GCC_C_LANGUAGE_STANDARD = gnu99;
				GCC_DYNAMIC_NO_PIC = NO;
				GCC_NO_COMMON_BLOCKS = YES;
				GCC_OPTIMIZATION_LEVEL = 0;
				GCC_PREPROCESSOR_DEFINITIONS = (
					"DEBUG=1",
					"$(inherited)",
				);
				GCC_WARN_64_TO_32_BIT_CONVERSION = YES;
				GCC_WARN_ABOUT_RETURN_TYPE = YES_ERROR;
				GCC_WARN_UNDECLARED_SELECTOR = YES;
				GCC_WARN_UNINITIALIZED_AUTOS = YES_AGGRESSIVE;
				GCC_WARN_UNUSED_FUNCTION = YES;
				GCC_WARN_UNUSED_VARIABLE = YES;
				IPHONEOS_DEPLOYMENT_TARGET = 9.3;
				MTL_ENABLE_DEBUG_INFO = YES;
				ONLY_ACTIVE_ARCH = YES;
				SDKROOT = iphoneos;
			};
			name = Debug;
		};
		F50A830D1D73D09300026F7F /* Release */ = {
			isa = XCBuildConfiguration;
			buildSettings = {
				ALWAYS_SEARCH_USER_PATHS = NO;
				CLANG_ANALYZER_NONNULL = YES;
				CLANG_CXX_LANGUAGE_STANDARD = "gnu++0x";
				CLANG_CXX_LIBRARY = "libc++";
				CLANG_ENABLE_MODULES = YES;
				CLANG_ENABLE_OBJC_ARC = YES;
				CLANG_WARN_BOOL_CONVERSION = YES;
				CLANG_WARN_CONSTANT_CONVERSION = YES;
				CLANG_WARN_DIRECT_OBJC_ISA_USAGE = YES_ERROR;
				CLANG_WARN_EMPTY_BODY = YES;
				CLANG_WARN_ENUM_CONVERSION = YES;
				CLANG_WARN_INT_CONVERSION = YES;
				CLANG_WARN_OBJC_ROOT_CLASS = YES_ERROR;
				CLANG_WARN_UNREACHABLE_CODE = YES;
				CLANG_WARN__DUPLICATE_METHOD_MATCH = YES;
				"CODE_SIGN_IDENTITY[sdk=iphoneos*]" = "iPhone Developer";
				COPY_PHASE_STRIP = NO;
				DEBUG_INFORMATION_FORMAT = "dwarf-with-dsym";
				ENABLE_NS_ASSERTIONS = NO;
				ENABLE_STRICT_OBJC_MSGSEND = YES;
				GCC_C_LANGUAGE_STANDARD = gnu99;
				GCC_NO_COMMON_BLOCKS = YES;
				GCC_WARN_64_TO_32_BIT_CONVERSION = YES;
				GCC_WARN_ABOUT_RETURN_TYPE = YES_ERROR;
				GCC_WARN_UNDECLARED_SELECTOR = YES;
				GCC_WARN_UNINITIALIZED_AUTOS = YES_AGGRESSIVE;
				GCC_WARN_UNUSED_FUNCTION = YES;
				GCC_WARN_UNUSED_VARIABLE = YES;
				IPHONEOS_DEPLOYMENT_TARGET = 9.3;
				MTL_ENABLE_DEBUG_INFO = NO;
				SDKROOT = iphoneos;
				VALIDATE_PRODUCT = YES;
			};
			name = Release;
		};
		F50A830F1D73D09300026F7F /* Debug */ = {
			isa = XCBuildConfiguration;
			baseConfigurationReference = 119F2464893C9FD5EA6CDC81 /* Pods-ZPJawaMall.debug.xcconfig */;
			buildSettings = {
				ASSETCATALOG_COMPILER_APPICON_NAME = AppIcon;
				DEVELOPMENT_TEAM = DLE647QM82;
				ENABLE_BITCODE = NO;
				FRAMEWORK_SEARCH_PATHS = (
					"$(inherited)",
					"$(PROJECT_DIR)/ZPJawaMall/Common/DLRadioButton",
					"$(PROJECT_DIR)/ZPJawaMall/Common/BCPaySDK/Channel/AliPay",
				);
				GCC_PREFIX_HEADER = "/Users/zhupeng/阿米巴/code/ZPJawaMall/ZPJawaMall/Config/PrefixHeader.pch";
				INFOPLIST_FILE = ZPJawaMall/Info.plist;
				IPHONEOS_DEPLOYMENT_TARGET = 8.0;
				LD_RUNPATH_SEARCH_PATHS = "$(inherited) @executable_path/Frameworks";
				LIBRARY_SEARCH_PATHS = (
					"$(inherited)",
					"$(PROJECT_DIR)/ZPJawaMall/Common/BCPaySDK/Channel/ApplePay",
					"$(PROJECT_DIR)/ZPJawaMall/Common/BCPaySDK/Channel/BaiDu/BDWalletSDK",
					"$(PROJECT_DIR)/ZPJawaMall/Common/BCPaySDK/Channel/BaiDu/Dependency/ASIHttpRequest",
					"$(PROJECT_DIR)/ZPJawaMall/Common/BCPaySDK/Channel/BaiDu/Dependency/BaiduMobStat/BaiduMobStat",
					"$(PROJECT_DIR)/ZPJawaMall/Common/BCPaySDK/Channel/BaiDu/Dependency/BaiduMobStat",
					"$(PROJECT_DIR)/ZPJawaMall/Common/BCPaySDK/Channel/BaiDu/Dependency/JSONKit",
					"$(PROJECT_DIR)/ZPJawaMall/Common/BCPaySDK/Channel/BaiDu/Dependency/SDWebImage",
					"$(PROJECT_DIR)/ZPJawaMall/Common/BCPaySDK/Channel/BCWXPay",
					"$(PROJECT_DIR)/ZPJawaMall/Common/BCPaySDK/Channel/PayPal",
					"$(PROJECT_DIR)/ZPJawaMall/Common/BCPaySDK/Channel/UnionPay",
					"$(PROJECT_DIR)/ZPJawaMall/Common/BCPaySDK/Channel/WXPay",
				);
				OTHER_LDFLAGS = (
					"$(inherited)",
					"-ObjC",
					"-l\"AFNetworking\"",
					"-l\"ASIHTTPRequest\"",
					"-l\"BaiduMobStatForSDK\"",
					"-l\"BaiduWalletSDK\"",
					"-l\"BeeCloud\"",
					"-l\"JSONKit\"",
					"-l\"PayPalMobile\"",
					"-l\"SDWebImage\"",
					"-l\"TouchJSON\"",
					"-l\"UPAPayPlugin\"",
					"-l\"UPPayPlugin\"",
					"-l\"WeChatSDK\"",
					"-l\"c++\"",
					"-l\"sqlite3\"",
					"-l\"z\"",
					"-framework",
					"\"AVFoundation\"",
					"-framework",
					"\"Accelerate\"",
					"-framework",
					"\"AddressBook\"",
					"-framework",
					"\"AddressBookUI\"",
					"-framework",
					"\"AlipaySDK\"",
					"-framework",
					"\"AudioToolbox\"",
					"-framework",
					"\"CoreAudio\"",
					"-framework",
					"\"CoreGraphics\"",
					"-framework",
					"\"CoreLocation\"",
					"-framework",
					"\"CoreMedia\"",
					"-framework",
					"\"CoreMotion\"",
					"-framework",
					"\"CoreTelephony\"",
					"-framework",
					"\"CoreVideo\"",
					"-framework",
					"\"ImageIO\"",
					"-framework",
					"\"MapKit\"",
					"-framework",
					"\"MessageUI\"",
					"-framework",
					"\"MobileCoreServices\"",
					"-framework",
					"\"PassKit\"",
					"-framework",
					"\"QuartzCore\"",
					"-framework",
					"\"Security\"",
					"-framework",
					"\"SystemConfiguration\"",
				);
				PRODUCT_BUNDLE_IDENTIFIER = "--.ZPJawaMall";
				PRODUCT_NAME = "$(TARGET_NAME)";
				USER_HEADER_SEARCH_PATHS = "$(SRCROOT)/**";
			};
			name = Debug;
		};
		F50A83101D73D09300026F7F /* Release */ = {
			isa = XCBuildConfiguration;
			baseConfigurationReference = C7DE15E3D6E3FABA6B6AC0EE /* Pods-ZPJawaMall.release.xcconfig */;
			buildSettings = {
				ASSETCATALOG_COMPILER_APPICON_NAME = AppIcon;
				DEVELOPMENT_TEAM = DLE647QM82;
				ENABLE_BITCODE = NO;
				FRAMEWORK_SEARCH_PATHS = (
					"$(inherited)",
					"$(PROJECT_DIR)/ZPJawaMall/Common/DLRadioButton",
					"$(PROJECT_DIR)/ZPJawaMall/Common/BCPaySDK/Channel/AliPay",
				);
				GCC_PREFIX_HEADER = "/Users/zhupeng/阿米巴/code/ZPJawaMall/ZPJawaMall/Config/PrefixHeader.pch";
				INFOPLIST_FILE = ZPJawaMall/Info.plist;
				IPHONEOS_DEPLOYMENT_TARGET = 8.0;
				LD_RUNPATH_SEARCH_PATHS = "$(inherited) @executable_path/Frameworks";
				LIBRARY_SEARCH_PATHS = (
					"$(inherited)",
					"$(PROJECT_DIR)/ZPJawaMall/Common/BCPaySDK/Channel/ApplePay",
					"$(PROJECT_DIR)/ZPJawaMall/Common/BCPaySDK/Channel/BaiDu/BDWalletSDK",
					"$(PROJECT_DIR)/ZPJawaMall/Common/BCPaySDK/Channel/BaiDu/Dependency/ASIHttpRequest",
					"$(PROJECT_DIR)/ZPJawaMall/Common/BCPaySDK/Channel/BaiDu/Dependency/BaiduMobStat/BaiduMobStat",
					"$(PROJECT_DIR)/ZPJawaMall/Common/BCPaySDK/Channel/BaiDu/Dependency/BaiduMobStat",
					"$(PROJECT_DIR)/ZPJawaMall/Common/BCPaySDK/Channel/BaiDu/Dependency/JSONKit",
					"$(PROJECT_DIR)/ZPJawaMall/Common/BCPaySDK/Channel/BaiDu/Dependency/SDWebImage",
					"$(PROJECT_DIR)/ZPJawaMall/Common/BCPaySDK/Channel/BCWXPay",
					"$(PROJECT_DIR)/ZPJawaMall/Common/BCPaySDK/Channel/PayPal",
					"$(PROJECT_DIR)/ZPJawaMall/Common/BCPaySDK/Channel/UnionPay",
					"$(PROJECT_DIR)/ZPJawaMall/Common/BCPaySDK/Channel/WXPay",
				);
				OTHER_LDFLAGS = (
					"$(inherited)",
					"-ObjC",
					"-l\"AFNetworking\"",
					"-l\"ASIHTTPRequest\"",
					"-l\"BaiduMobStatForSDK\"",
					"-l\"BaiduWalletSDK\"",
					"-l\"BeeCloud\"",
					"-l\"JSONKit\"",
					"-l\"PayPalMobile\"",
					"-l\"SDWebImage\"",
					"-l\"TouchJSON\"",
					"-l\"UPAPayPlugin\"",
					"-l\"UPPayPlugin\"",
					"-l\"WeChatSDK\"",
					"-l\"c++\"",
					"-l\"sqlite3\"",
					"-l\"z\"",
					"-framework",
					"\"AVFoundation\"",
					"-framework",
					"\"Accelerate\"",
					"-framework",
					"\"AddressBook\"",
					"-framework",
					"\"AddressBookUI\"",
					"-framework",
					"\"AlipaySDK\"",
					"-framework",
					"\"AudioToolbox\"",
					"-framework",
					"\"CoreAudio\"",
					"-framework",
					"\"CoreGraphics\"",
					"-framework",
					"\"CoreLocation\"",
					"-framework",
					"\"CoreMedia\"",
					"-framework",
					"\"CoreMotion\"",
					"-framework",
					"\"CoreTelephony\"",
					"-framework",
					"\"CoreVideo\"",
					"-framework",
					"\"ImageIO\"",
					"-framework",
					"\"MapKit\"",
					"-framework",
					"\"MessageUI\"",
					"-framework",
					"\"MobileCoreServices\"",
					"-framework",
					"\"PassKit\"",
					"-framework",
					"\"QuartzCore\"",
					"-framework",
					"\"Security\"",
					"-framework",
					"\"SystemConfiguration\"",
				);
				PRODUCT_BUNDLE_IDENTIFIER = "--.ZPJawaMall";
				PRODUCT_NAME = "$(TARGET_NAME)";
				USER_HEADER_SEARCH_PATHS = "$(SRCROOT)/**";
			};
			name = Release;
		};
		F50A83121D73D09300026F7F /* Debug */ = {
			isa = XCBuildConfiguration;
			buildSettings = {
				BUNDLE_LOADER = "$(TEST_HOST)";
				INFOPLIST_FILE = ZPJawaMallTests/Info.plist;
				LD_RUNPATH_SEARCH_PATHS = "$(inherited) @executable_path/Frameworks @loader_path/Frameworks";
				PRODUCT_BUNDLE_IDENTIFIER = "--.ZPJawaMallTests";
				PRODUCT_NAME = "$(TARGET_NAME)";
				TEST_HOST = "$(BUILT_PRODUCTS_DIR)/ZPJawaMall.app/ZPJawaMall";
			};
			name = Debug;
		};
		F50A83131D73D09300026F7F /* Release */ = {
			isa = XCBuildConfiguration;
			buildSettings = {
				BUNDLE_LOADER = "$(TEST_HOST)";
				INFOPLIST_FILE = ZPJawaMallTests/Info.plist;
				LD_RUNPATH_SEARCH_PATHS = "$(inherited) @executable_path/Frameworks @loader_path/Frameworks";
				PRODUCT_BUNDLE_IDENTIFIER = "--.ZPJawaMallTests";
				PRODUCT_NAME = "$(TARGET_NAME)";
				TEST_HOST = "$(BUILT_PRODUCTS_DIR)/ZPJawaMall.app/ZPJawaMall";
			};
			name = Release;
		};
		F50A83151D73D09300026F7F /* Debug */ = {
			isa = XCBuildConfiguration;
			buildSettings = {
				INFOPLIST_FILE = ZPJawaMallUITests/Info.plist;
				LD_RUNPATH_SEARCH_PATHS = "$(inherited) @executable_path/Frameworks @loader_path/Frameworks";
				PRODUCT_BUNDLE_IDENTIFIER = "--.ZPJawaMallUITests";
				PRODUCT_NAME = "$(TARGET_NAME)";
				TEST_TARGET_NAME = ZPJawaMall;
			};
			name = Debug;
		};
		F50A83161D73D09300026F7F /* Release */ = {
			isa = XCBuildConfiguration;
			buildSettings = {
				INFOPLIST_FILE = ZPJawaMallUITests/Info.plist;
				LD_RUNPATH_SEARCH_PATHS = "$(inherited) @executable_path/Frameworks @loader_path/Frameworks";
				PRODUCT_BUNDLE_IDENTIFIER = "--.ZPJawaMallUITests";
				PRODUCT_NAME = "$(TARGET_NAME)";
				TEST_TARGET_NAME = ZPJawaMall;
			};
			name = Release;
		};
/* End XCBuildConfiguration section */

/* Begin XCConfigurationList section */
		F50A82D91D73D09300026F7F /* Build configuration list for PBXProject "ZPJawaMall" */ = {
			isa = XCConfigurationList;
			buildConfigurations = (
				F50A830C1D73D09300026F7F /* Debug */,
				F50A830D1D73D09300026F7F /* Release */,
			);
			defaultConfigurationIsVisible = 0;
			defaultConfigurationName = Release;
		};
		F50A830E1D73D09300026F7F /* Build configuration list for PBXNativeTarget "ZPJawaMall" */ = {
			isa = XCConfigurationList;
			buildConfigurations = (
				F50A830F1D73D09300026F7F /* Debug */,
				F50A83101D73D09300026F7F /* Release */,
			);
			defaultConfigurationIsVisible = 0;
			defaultConfigurationName = Release;
		};
		F50A83111D73D09300026F7F /* Build configuration list for PBXNativeTarget "ZPJawaMallTests" */ = {
			isa = XCConfigurationList;
			buildConfigurations = (
				F50A83121D73D09300026F7F /* Debug */,
				F50A83131D73D09300026F7F /* Release */,
			);
			defaultConfigurationIsVisible = 0;
			defaultConfigurationName = Release;
		};
		F50A83141D73D09300026F7F /* Build configuration list for PBXNativeTarget "ZPJawaMallUITests" */ = {
			isa = XCConfigurationList;
			buildConfigurations = (
				F50A83151D73D09300026F7F /* Debug */,
				F50A83161D73D09300026F7F /* Release */,
			);
			defaultConfigurationIsVisible = 0;
			defaultConfigurationName = Release;
		};
/* End XCConfigurationList section */
	};
	rootObject = F50A82D61D73D09300026F7F /* Project object */;
}
